// !$*UTF8*$!
{
	archiveVersion = 1;
	classes = {
	};
	objectVersion = 46;
	objects = {

/* Begin PBXBuildFile section */
		A28998481E785CA700D943C3 /* AppDelegate.swift in Sources */ = {isa = PBXBuildFile; fileRef = A28998471E785CA700D943C3 /* AppDelegate.swift */; };
		A289984A1E785CA700D943C3 /* ViewController.swift in Sources */ = {isa = PBXBuildFile; fileRef = A28998491E785CA700D943C3 /* ViewController.swift */; };
		A289984D1E785CA700D943C3 /* Main.storyboard in Resources */ = {isa = PBXBuildFile; fileRef = A289984B1E785CA700D943C3 /* Main.storyboard */; };
		A289984F1E785CA700D943C3 /* Assets.xcassets in Resources */ = {isa = PBXBuildFile; fileRef = A289984E1E785CA700D943C3 /* Assets.xcassets */; };
		A28998521E785CA700D943C3 /* LaunchScreen.storyboard in Resources */ = {isa = PBXBuildFile; fileRef = A28998501E785CA700D943C3 /* LaunchScreen.storyboard */; };
		A289985D1E785CA700D943C3 /* _DA_EVA_5_TABLE_VIEWTests.swift in Sources */ = {isa = PBXBuildFile; fileRef = A289985C1E785CA700D943C3 /* _DA_EVA_5_TABLE_VIEWTests.swift */; };
		A28998681E785CA800D943C3 /* _DA_EVA_5_TABLE_VIEWUITests.swift in Sources */ = {isa = PBXBuildFile; fileRef = A28998671E785CA800D943C3 /* _DA_EVA_5_TABLE_VIEWUITests.swift */; };
		A28998761E78601100D943C3 /* TableViewCellMia.swift in Sources */ = {isa = PBXBuildFile; fileRef = A28998751E78601100D943C3 /* TableViewCellMia.swift */; settings = {ASSET_TAGS = (); }; };
/* End PBXBuildFile section */

/* Begin PBXContainerItemProxy section */
		A28998591E785CA700D943C3 /* PBXContainerItemProxy */ = {
			isa = PBXContainerItemProxy;
			containerPortal = A289983C1E785CA700D943C3 /* Project object */;
			proxyType = 1;
			remoteGlobalIDString = A28998431E785CA700D943C3;
			remoteInfo = 2DA_EVA_5_TABLE_VIEW;
		};
		A28998641E785CA800D943C3 /* PBXContainerItemProxy */ = {
			isa = PBXContainerItemProxy;
			containerPortal = A289983C1E785CA700D943C3 /* Project object */;
			proxyType = 1;
			remoteGlobalIDString = A28998431E785CA700D943C3;
			remoteInfo = 2DA_EVA_5_TABLE_VIEW;
		};
/* End PBXContainerItemProxy section */

/* Begin PBXFileReference section */
		A28998441E785CA700D943C3 /* 2DA_EVA_5_TABLE_VIEW.app */ = {isa = PBXFileReference; explicitFileType = wrapper.application; includeInIndex = 0; path = 2DA_EVA_5_TABLE_VIEW.app; sourceTree = BUILT_PRODUCTS_DIR; };
		A28998471E785CA700D943C3 /* AppDelegate.swift */ = {isa = PBXFileReference; lastKnownFileType = sourcecode.swift; path = AppDelegate.swift; sourceTree = "<group>"; };
		A28998491E785CA700D943C3 /* ViewController.swift */ = {isa = PBXFileReference; lastKnownFileType = sourcecode.swift; path = ViewController.swift; sourceTree = "<group>"; };
		A289984C1E785CA700D943C3 /* Base */ = {isa = PBXFileReference; lastKnownFileType = file.storyboard; name = Base; path = Base.lproj/Main.storyboard; sourceTree = "<group>"; };
		A289984E1E785CA700D943C3 /* Assets.xcassets */ = {isa = PBXFileReference; lastKnownFileType = folder.assetcatalog; path = Assets.xcassets; sourceTree = "<group>"; };
		A28998511E785CA700D943C3 /* Base */ = {isa = PBXFileReference; lastKnownFileType = file.storyboard; name = Base; path = Base.lproj/LaunchScreen.storyboard; sourceTree = "<group>"; };
		A28998531E785CA700D943C3 /* Info.plist */ = {isa = PBXFileReference; lastKnownFileType = text.plist.xml; path = Info.plist; sourceTree = "<group>"; };
		A28998581E785CA700D943C3 /* 2DA_EVA_5_TABLE_VIEWTests.xctest */ = {isa = PBXFileReference; explicitFileType = wrapper.cfbundle; includeInIndex = 0; path = 2DA_EVA_5_TABLE_VIEWTests.xctest; sourceTree = BUILT_PRODUCTS_DIR; };
		A289985C1E785CA700D943C3 /* _DA_EVA_5_TABLE_VIEWTests.swift */ = {isa = PBXFileReference; lastKnownFileType = sourcecode.swift; path = _DA_EVA_5_TABLE_VIEWTests.swift; sourceTree = "<group>"; };
		A289985E1E785CA700D943C3 /* Info.plist */ = {isa = PBXFileReference; lastKnownFileType = text.plist.xml; path = Info.plist; sourceTree = "<group>"; };
		A28998631E785CA800D943C3 /* 2DA_EVA_5_TABLE_VIEWUITests.xctest */ = {isa = PBXFileReference; explicitFileType = wrapper.cfbundle; includeInIndex = 0; path = 2DA_EVA_5_TABLE_VIEWUITests.xctest; sourceTree = BUILT_PRODUCTS_DIR; };
		A28998671E785CA800D943C3 /* _DA_EVA_5_TABLE_VIEWUITests.swift */ = {isa = PBXFileReference; lastKnownFileType = sourcecode.swift; path = _DA_EVA_5_TABLE_VIEWUITests.swift; sourceTree = "<group>"; };
		A28998691E785CA800D943C3 /* Info.plist */ = {isa = PBXFileReference; lastKnownFileType = text.plist.xml; path = Info.plist; sourceTree = "<group>"; };
		A28998751E78601100D943C3 /* TableViewCellMia.swift */ = {isa = PBXFileReference; fileEncoding = 4; lastKnownFileType = sourcecode.swift; path = TableViewCellMia.swift; sourceTree = "<group>"; };
/* End PBXFileReference section */

/* Begin PBXFrameworksBuildPhase section */
		A28998411E785CA700D943C3 /* Frameworks */ = {
			isa = PBXFrameworksBuildPhase;
			buildActionMask = 2147483647;
			files = (
			);
			runOnlyForDeploymentPostprocessing = 0;
		};
		A28998551E785CA700D943C3 /* Frameworks */ = {
			isa = PBXFrameworksBuildPhase;
			buildActionMask = 2147483647;
			files = (
			);
			runOnlyForDeploymentPostprocessing = 0;
		};
		A28998601E785CA700D943C3 /* Frameworks */ = {
			isa = PBXFrameworksBuildPhase;
			buildActionMask = 2147483647;
			files = (
			);
			runOnlyForDeploymentPostprocessing = 0;
		};
/* End PBXFrameworksBuildPhase section */

/* Begin PBXGroup section */
		A289983B1E785CA700D943C3 = {
			isa = PBXGroup;
			children = (
				A28998461E785CA700D943C3 /* 2DA_EVA_5_TABLE_VIEW */,
				A289985B1E785CA700D943C3 /* 2DA_EVA_5_TABLE_VIEWTests */,
				A28998661E785CA800D943C3 /* 2DA_EVA_5_TABLE_VIEWUITests */,
				A28998451E785CA700D943C3 /* Products */,
			);
			sourceTree = "<group>";
		};
		A28998451E785CA700D943C3 /* Products */ = {
			isa = PBXGroup;
			children = (
				A28998441E785CA700D943C3 /* 2DA_EVA_5_TABLE_VIEW.app */,
				A28998581E785CA700D943C3 /* 2DA_EVA_5_TABLE_VIEWTests.xctest */,
				A28998631E785CA800D943C3 /* 2DA_EVA_5_TABLE_VIEWUITests.xctest */,
			);
			name = Products;
			sourceTree = "<group>";
		};
		A28998461E785CA700D943C3 /* 2DA_EVA_5_TABLE_VIEW */ = {
			isa = PBXGroup;
			children = (
				A28998471E785CA700D943C3 /* AppDelegate.swift */,
				A28998491E785CA700D943C3 /* ViewController.swift */,
				A289984B1E785CA700D943C3 /* Main.storyboard */,
				A289984E1E785CA700D943C3 /* Assets.xcassets */,
				A28998501E785CA700D943C3 /* LaunchScreen.storyboard */,
				A28998531E785CA700D943C3 /* Info.plist */,
				A28998751E78601100D943C3 /* TableViewCellMia.swift */,
			);
			path = 2DA_EVA_5_TABLE_VIEW;
			sourceTree = "<group>";
		};
		A289985B1E785CA700D943C3 /* 2DA_EVA_5_TABLE_VIEWTests */ = {
			isa = PBXGroup;
			children = (
				A289985C1E785CA700D943C3 /* _DA_EVA_5_TABLE_VIEWTests.swift */,
				A289985E1E785CA700D943C3 /* Info.plist */,
			);
			path = 2DA_EVA_5_TABLE_VIEWTests;
			sourceTree = "<group>";
		};
		A28998661E785CA800D943C3 /* 2DA_EVA_5_TABLE_VIEWUITests */ = {
			isa = PBXGroup;
			children = (
				A28998671E785CA800D943C3 /* _DA_EVA_5_TABLE_VIEWUITests.swift */,
				A28998691E785CA800D943C3 /* Info.plist */,
			);
			path = 2DA_EVA_5_TABLE_VIEWUITests;
			sourceTree = "<group>";
		};
/* End PBXGroup section */

/* Begin PBXNativeTarget section */
		A28998431E785CA700D943C3 /* 2DA_EVA_5_TABLE_VIEW */ = {
			isa = PBXNativeTarget;
			buildConfigurationList = A289986C1E785CA800D943C3 /* Build configuration list for PBXNativeTarget "2DA_EVA_5_TABLE_VIEW" */;
			buildPhases = (
				A28998401E785CA700D943C3 /* Sources */,
				A28998411E785CA700D943C3 /* Frameworks */,
				A28998421E785CA700D943C3 /* Resources */,
			);
			buildRules = (
			);
			dependencies = (
			);
			name = 2DA_EVA_5_TABLE_VIEW;
			productName = 2DA_EVA_5_TABLE_VIEW;
			productReference = A28998441E785CA700D943C3 /* 2DA_EVA_5_TABLE_VIEW.app */;
			productType = "com.apple.product-type.application";
		};
		A28998571E785CA700D943C3 /* 2DA_EVA_5_TABLE_VIEWTests */ = {
			isa = PBXNativeTarget;
			buildConfigurationList = A289986F1E785CA800D943C3 /* Build configuration list for PBXNativeTarget "2DA_EVA_5_TABLE_VIEWTests" */;
			buildPhases = (
				A28998541E785CA700D943C3 /* Sources */,
				A28998551E785CA700D943C3 /* Frameworks */,
				A28998561E785CA700D943C3 /* Resources */,
			);
			buildRules = (
			);
			dependencies = (
				A289985A1E785CA700D943C3 /* PBXTargetDependency */,
			);
			name = 2DA_EVA_5_TABLE_VIEWTests;
			productName = 2DA_EVA_5_TABLE_VIEWTests;
			productReference = A28998581E785CA700D943C3 /* 2DA_EVA_5_TABLE_VIEWTests.xctest */;
			productType = "com.apple.product-type.bundle.unit-test";
		};
		A28998621E785CA700D943C3 /* 2DA_EVA_5_TABLE_VIEWUITests */ = {
			isa = PBXNativeTarget;
			buildConfigurationList = A28998721E785CA800D943C3 /* Build configuration list for PBXNativeTarget "2DA_EVA_5_TABLE_VIEWUITests" */;
			buildPhases = (
				A289985F1E785CA700D943C3 /* Sources */,
				A28998601E785CA700D943C3 /* Frameworks */,
				A28998611E785CA700D943C3 /* Resources */,
			);
			buildRules = (
			);
			dependencies = (
				A28998651E785CA800D943C3 /* PBXTargetDependency */,
			);
			name = 2DA_EVA_5_TABLE_VIEWUITests;
			productName = 2DA_EVA_5_TABLE_VIEWUITests;
			productReference = A28998631E785CA800D943C3 /* 2DA_EVA_5_TABLE_VIEWUITests.xctest */;
			productType = "com.apple.product-type.bundle.ui-testing";
		};
/* End PBXNativeTarget section */

/* Begin PBXProject section */
		A289983C1E785CA700D943C3 /* Project object */ = {
			isa = PBXProject;
			attributes = {
				LastUpgradeCheck = 0700;
				ORGANIZATIONNAME = TecII;
				TargetAttributes = {
					A28998431E785CA700D943C3 = {
						CreatedOnToolsVersion = 7.0.1;
					};
					A28998571E785CA700D943C3 = {
						CreatedOnToolsVersion = 7.0.1;
						TestTargetID = A28998431E785CA700D943C3;
					};
					A28998621E785CA700D943C3 = {
						CreatedOnToolsVersion = 7.0.1;
						TestTargetID = A28998431E785CA700D943C3;
					};
				};
			};
			buildConfigurationList = A289983F1E785CA700D943C3 /* Build configuration list for PBXProject "2DA_EVA_5_TABLE_VIEW" */;
			compatibilityVersion = "Xcode 3.2";
			developmentRegion = English;
			hasScannedForEncodings = 0;
			knownRegions = (
				en,
				Base,
			);
			mainGroup = A289983B1E785CA700D943C3;
			productRefGroup = A28998451E785CA700D943C3 /* Products */;
			projectDirPath = "";
			projectRoot = "";
			targets = (
				A28998431E785CA700D943C3 /* 2DA_EVA_5_TABLE_VIEW */,
				A28998571E785CA700D943C3 /* 2DA_EVA_5_TABLE_VIEWTests */,
				A28998621E785CA700D943C3 /* 2DA_EVA_5_TABLE_VIEWUITests */,
			);
		};
/* End PBXProject section */

/* Begin PBXResourcesBuildPhase section */
		A28998421E785CA700D943C3 /* Resources */ = {
			isa = PBXResourcesBuildPhase;
			buildActionMask = 2147483647;
			files = (
				A28998521E785CA700D943C3 /* LaunchScreen.storyboard in Resources */,
				A289984F1E785CA700D943C3 /* Assets.xcassets in Resources */,
				A289984D1E785CA700D943C3 /* Main.storyboard in Resources */,
			);
			runOnlyForDeploymentPostprocessing = 0;
		};
		A28998561E785CA700D943C3 /* Resources */ = {
			isa = PBXResourcesBuildPhase;
			buildActionMask = 2147483647;
			files = (
			);
			runOnlyForDeploymentPostprocessing = 0;
		};
		A28998611E785CA700D943C3 /* Resources */ = {
			isa = PBXResourcesBuildPhase;
			buildActionMask = 2147483647;
			files = (
			);
			runOnlyForDeploymentPostprocessing = 0;
		};
/* End PBXResourcesBuildPhase section */

/* Begin PBXSourcesBuildPhase section */
		A28998401E785CA700D943C3 /* Sources */ = {
			isa = PBXSourcesBuildPhase;
			buildActionMask = 2147483647;
			files = (
				A289984A1E785CA700D943C3 /* ViewController.swift in Sources */,
				A28998761E78601100D943C3 /* TableViewCellMia.swift in Sources */,
				A28998481E785CA700D943C3 /* AppDelegate.swift in Sources */,
			);
			runOnlyForDeploymentPostprocessing = 0;
		};
		A28998541E785CA700D943C3 /* Sources */ = {
			isa = PBXSourcesBuildPhase;
			buildActionMask = 2147483647;
			files = (
				A289985D1E785CA700D943C3 /* _DA_EVA_5_TABLE_VIEWTests.swift in Sources */,
			);
			runOnlyForDeploymentPostprocessing = 0;
		};
		A289985F1E785CA700D943C3 /* Sources */ = {
			isa = PBXSourcesBuildPhase;
			buildActionMask = 2147483647;
			files = (
				A28998681E785CA800D943C3 /* _DA_EVA_5_TABLE_VIEWUITests.swift in Sources */,
			);
			runOnlyForDeploymentPostprocessing = 0;
		};
/* End PBXSourcesBuildPhase section */

/* Begin PBXTargetDependency section */
		A289985A1E785CA700D943C3 /* PBXTargetDependency */ = {
			isa = PBXTargetDependency;
			target = A28998431E785CA700D943C3 /* 2DA_EVA_5_TABLE_VIEW */;
			targetProxy = A28998591E785CA700D943C3 /* PBXContainerItemProxy */;
		};
		A28998651E785CA800D943C3 /* PBXTargetDependency */ = {
			isa = PBXTargetDependency;
			target = A28998431E785CA700D943C3 /* 2DA_EVA_5_TABLE_VIEW */;
			targetProxy = A28998641E785CA800D943C3 /* PBXContainerItemProxy */;
		};
/* End PBXTargetDependency section */

/* Begin PBXVariantGroup section */
		A289984B1E785CA700D943C3 /* Main.storyboard */ = {
			isa = PBXVariantGroup;
			children = (
				A289984C1E785CA700D943C3 /* Base */,
			);
			name = Main.storyboard;
			sourceTree = "<group>";
		};
		A28998501E785CA700D943C3 /* LaunchScreen.storyboard */ = {
			isa = PBXVariantGroup;
			children = (
				A28998511E785CA700D943C3 /* Base */,
			);
			name = LaunchScreen.storyboard;
			sourceTree = "<group>";
		};
/* End PBXVariantGroup section */

/* Begin XCBuildConfiguration section */
		A289986A1E785CA800D943C3 /* Debug */ = {
			isa = XCBuildConfiguration;
			buildSettings = {
				ALWAYS_SEARCH_USER_PATHS = NO;
				CLANG_CXX_LANGUAGE_STANDARD = "gnu++0x";
				CLANG_CXX_LIBRARY = "libc++";
				CLANG_ENABLE_MODULES = YES;
				CLANG_ENABLE_OBJC_ARC = YES;
				CLANG_WARN_BOOL_CONVERSION = YES;
				CLANG_WARN_CONSTANT_CONVERSION = YES;
				CLANG_WARN_DIRECT_OBJC_ISA_USAGE = YES_ERROR;
				CLANG_WARN_EMPTY_BODY = YES;
				CLANG_WARN_ENUM_CONVERSION = YES;
				CLANG_WARN_INT_CONVERSION = YES;
				CLANG_WARN_OBJC_ROOT_CLASS = YES_ERROR;
				CLANG_WARN_UNREACHABLE_CODE = YES;
				CLANG_WARN__DUPLICATE_METHOD_MATCH = YES;
				"CODE_SIGN_IDENTITY[sdk=iphoneos*]" = "iPhone Developer";
				COPY_PHASE_STRIP = NO;
				DEBUG_INFORMATION_FORMAT = dwarf;
				ENABLE_STRICT_OBJC_MSGSEND = YES;
				ENABLE_TESTABILITY = YES;
				GCC_C_LANGUAGE_STANDARD = gnu99;
				GCC_DYNAMIC_NO_PIC = NO;
				GCC_NO_COMMON_BLOCKS = YES;
				GCC_OPTIMIZATION_LEVEL = 0;
				GCC_PREPROCESSOR_DEFINITIONS = (
					"DEBUG=1",
					"$(inherited)",
				);
				GCC_WARN_64_TO_32_BIT_CONVERSION = YES;
				GCC_WARN_ABOUT_RETURN_TYPE = YES_ERROR;
				GCC_WARN_UNDECLARED_SELECTOR = YES;
				GCC_WARN_UNINITIALIZED_AUTOS = YES_AGGRESSIVE;
				GCC_WARN_UNUSED_FUNCTION = YES;
				GCC_WARN_UNUSED_VARIABLE = YES;
				IPHONEOS_DEPLOYMENT_TARGET = 9.0;
				MTL_ENABLE_DEBUG_INFO = YES;
				ONLY_ACTIVE_ARCH = YES;
				SDKROOT = iphoneos;
				SWIFT_OPTIMIZATION_LEVEL = "-Onone";
				TARGETED_DEVICE_FAMILY = "1,2";
			};
			name = Debug;
		};
		A289986B1E785CA800D943C3 /* Release */ = {
			isa = XCBuildConfiguration;
			buildSettings = {
				ALWAYS_SEARCH_USER_PATHS = NO;
				CLANG_CXX_LANGUAGE_STANDARD = "gnu++0x";
				CLANG_CXX_LIBRARY = "libc++";
				CLANG_ENABLE_MODULES = YES;
				CLANG_ENABLE_OBJC_ARC = YES;
				CLANG_WARN_BOOL_CONVERSION = YES;
				CLANG_WARN_CONSTANT_CONVERSION = YES;
				CLANG_WARN_DIRECT_OBJC_ISA_USAGE = YES_ERROR;
				CLANG_WARN_EMPTY_BODY = YES;
				CLANG_WARN_ENUM_CONVERSION = YES;
				CLANG_WARN_INT_CONVERSION = YES;
				CLANG_WARN_OBJC_ROOT_CLASS = YES_ERROR;
				CLANG_WARN_UNREACHABLE_CODE = YES;
				CLANG_WARN__DUPLICATE_METHOD_MATCH = YES;
				"CODE_SIGN_IDENTITY[sdk=iphoneos*]" = "iPhone Developer";
				COPY_PHASE_STRIP = NO;
				DEBUG_INFORMATION_FORMAT = "dwarf-with-dsym";
				ENABLE_NS_ASSERTIONS = NO;
				ENABLE_STRICT_OBJC_MSGSEND = YES;
				GCC_C_LANGUAGE_STANDARD = gnu99;
				GCC_NO_COMMON_BLOCKS = YES;
				GCC_WARN_64_TO_32_BIT_CONVERSION = YES;
				GCC_WARN_ABOUT_RETURN_TYPE = YES_ERROR;
				GCC_WARN_UNDECLARED_SELECTOR = YES;
				GCC_WARN_UNINITIALIZED_AUTOS = YES_AGGRESSIVE;
				GCC_WARN_UNUSED_FUNCTION = YES;
				GCC_WARN_UNUSED_VARIABLE = YES;
				IPHONEOS_DEPLOYMENT_TARGET = 9.0;
				MTL_ENABLE_DEBUG_INFO = NO;
				SDKROOT = iphoneos;
				TARGETED_DEVICE_FAMILY = "1,2";
				VALIDATE_PRODUCT = YES;
			};
			name = Release;
		};
		A289986D1E785CA800D943C3 /* Debug */ = {
			isa = XCBuildConfiguration;
			buildSettings = {
				ASSETCATALOG_COMPILER_APPICON_NAME = AppIcon;
				INFOPLIST_FILE = 2DA_EVA_5_TABLE_VIEW/Info.plist;
				LD_RUNPATH_SEARCH_PATHS = "$(inherited) @executable_path/Frameworks";
				PRODUCT_BUNDLE_IDENTIFIER = "Davidrdz.-DA-EVA-5-TABLE-VIEW";
				PRODUCT_NAME = "$(TARGET_NAME)";
			};
			name = Debug;
		};
		A289986E1E785CA800D943C3 /* Release */ = {
			isa = XCBuildConfiguration;
			buildSettings = {
				ASSETCATALOG_COMPILER_APPICON_NAME = AppIcon;
				INFOPLIST_FILE = 2DA_EVA_5_TABLE_VIEW/Info.plist;
				LD_RUNPATH_SEARCH_PATHS = "$(inherited) @executable_path/Frameworks";
				PRODUCT_BUNDLE_IDENTIFIER = "Davidrdz.-DA-EVA-5-TABLE-VIEW";
				PRODUCT_NAME = "$(TARGET_NAME)";
			};
			name = Release;
		};
		A28998701E785CA800D943C3 /* Debug */ = {
			isa = XCBuildConfiguration;
			buildSettings = {
				BUNDLE_LOADER = "$(TEST_HOST)";
				INFOPLIST_FILE = 2DA_EVA_5_TABLE_VIEWTests/Info.plist;
				LD_RUNPATH_SEARCH_PATHS = "$(inherited) @executable_path/Frameworks @loader_path/Frameworks";
				PRODUCT_BUNDLE_IDENTIFIER = "Davidrdz.-DA-EVA-5-TABLE-VIEWTests";
				PRODUCT_NAME = "$(TARGET_NAME)";
				TEST_HOST = "$(BUILT_PRODUCTS_DIR)/2DA_EVA_5_TABLE_VIEW.app/2DA_EVA_5_TABLE_VIEW";
			};
			name = Debug;
		};
		A28998711E785CA800D943C3 /* Release */ = {
			isa = XCBuildConfiguration;
			buildSettings = {
				BUNDLE_LOADER = "$(TEST_HOST)";
				INFOPLIST_FILE = 2DA_EVA_5_TABLE_VIEWTests/Info.plist;
				LD_RUNPATH_SEARCH_PATHS = "$(inherited) @executable_path/Frameworks @loader_path/Frameworks";
				PRODUCT_BUNDLE_IDENTIFIER = "Davidrdz.-DA-EVA-5-TABLE-VIEWTests";
				PRODUCT_NAME = "$(TARGET_NAME)";
				TEST_HOST = "$(BUILT_PRODUCTS_DIR)/2DA_EVA_5_TABLE_VIEW.app/2DA_EVA_5_TABLE_VIEW";
			};
			name = Release;
		};
		A28998731E785CA800D943C3 /* Debug */ = {
			isa = XCBuildConfiguration;
			buildSettings = {
				INFOPLIST_FILE = 2DA_EVA_5_TABLE_VIEWUITests/Info.plist;
				LD_RUNPATH_SEARCH_PATHS = "$(inherited) @executable_path/Frameworks @loader_path/Frameworks";
				PRODUCT_BUNDLE_IDENTIFIER = "Davidrdz.-DA-EVA-5-TABLE-VIEWUITests";
				PRODUCT_NAME = "$(TARGET_NAME)";
				TEST_TARGET_NAME = 2DA_EVA_5_TABLE_VIEW;
				USES_XCTRUNNER = YES;
			};
			name = Debug;
		};
		A28998741E785CA800D943C3 /* Release */ = {
			isa = XCBuildConfiguration;
			buildSettings = {
				INFOPLIST_FILE = 2DA_EVA_5_TABLE_VIEWUITests/Info.plist;
				LD_RUNPATH_SEARCH_PATHS = "$(inherited) @executable_path/Frameworks @loader_path/Frameworks";
				PRODUCT_BUNDLE_IDENTIFIER = "Davidrdz.-DA-EVA-5-TABLE-VIEWUITests";
				PRODUCT_NAME = "$(TARGET_NAME)";
				TEST_TARGET_NAME = 2DA_EVA_5_TABLE_VIEW;
				USES_XCTRUNNER = YES;
			};
			name = Release;
		};
/* End XCBuildConfiguration section */

/* Begin XCConfigurationList section */
		A289983F1E785CA700D943C3 /* Build configuration list for PBXProject "2DA_EVA_5_TABLE_VIEW" */ = {
			isa = XCConfigurationList;
			buildConfigurations = (
				A289986A1E785CA800D943C3 /* Debug */,
				A289986B1E785CA800D943C3 /* Release */,
			);
			defaultConfigurationIsVisible = 0;
			defaultConfigurationName = Release;
		};
		A289986C1E785CA800D943C3 /* Build configuration list for PBXNativeTarget "2DA_EVA_5_TABLE_VIEW" */ = {
			isa = XCConfigurationList;
			buildConfigurations = (
				A289986D1E785CA800D943C3 /* Debug */,
				A289986E1E785CA800D943C3 /* Release */,
			);
			defaultConfigurationIsVisible = 0;
		};
		A289986F1E785CA800D943C3 /* Build configuration list for PBXNativeTarget "2DA_EVA_5_TABLE_VIEWTests" */ = {
			isa = XCConfigurationList;
			buildConfigurations = (
				A28998701E785CA800D943C3 /* Debug */,
				A28998711E785CA800D943C3 /* Release */,
			);
			defaultConfigurationIsVisible = 0;
		};
		A28998721E785CA800D943C3 /* Build configuration list for PBXNativeTarget "2DA_EVA_5_TABLE_VIEWUITests" */ = {
			isa = XCConfigurationList;
			buildConfigurations = (
				A28998731E785CA800D943C3 /* Debug */,
				A28998741E785CA800D943C3 /* Release */,
			);
			defaultConfigurationIsVisible = 0;
		};
/* End XCConfigurationList section */
	};
	rootObject = A289983C1E785CA700D943C3 /* Project object */;
}
