// !$*UTF8*$!
{
	archiveVersion = 1;
	classes = {
	};
	objectVersion = 46;
	objects = {

/* Begin PBXBuildFile section */
		91C980711E7315D20051CB28 /* AppDelegate.swift in Sources */ = {isa = PBXBuildFile; fileRef = 91C980701E7315D20051CB28 /* AppDelegate.swift */; };
		91C980731E7315D20051CB28 /* ViewController.swift in Sources */ = {isa = PBXBuildFile; fileRef = 91C980721E7315D20051CB28 /* ViewController.swift */; };
		91C980761E7315D20051CB28 /* Main.storyboard in Resources */ = {isa = PBXBuildFile; fileRef = 91C980741E7315D20051CB28 /* Main.storyboard */; };
		91C980781E7315D20051CB28 /* Assets.xcassets in Resources */ = {isa = PBXBuildFile; fileRef = 91C980771E7315D20051CB28 /* Assets.xcassets */; };
		91C9807B1E7315D20051CB28 /* LaunchScreen.storyboard in Resources */ = {isa = PBXBuildFile; fileRef = 91C980791E7315D20051CB28 /* LaunchScreen.storyboard */; };
		91C980861E7315D20051CB28 /* _DA_EVA_4_CUSTOM_TABLESTests.swift in Sources */ = {isa = PBXBuildFile; fileRef = 91C980851E7315D20051CB28 /* _DA_EVA_4_CUSTOM_TABLESTests.swift */; };
		91C980911E7315D20051CB28 /* _DA_EVA_4_CUSTOM_TABLESUITests.swift in Sources */ = {isa = PBXBuildFile; fileRef = 91C980901E7315D20051CB28 /* _DA_EVA_4_CUSTOM_TABLESUITests.swift */; };
		91C9809F1E731A8E0051CB28 /* TableViewCell.swift in Sources */ = {isa = PBXBuildFile; fileRef = 91C9809E1E731A8E0051CB28 /* TableViewCell.swift */; };
/* End PBXBuildFile section */

/* Begin PBXContainerItemProxy section */
		91C980821E7315D20051CB28 /* PBXContainerItemProxy */ = {
			isa = PBXContainerItemProxy;
			containerPortal = 91C980651E7315D10051CB28 /* Project object */;
			proxyType = 1;
			remoteGlobalIDString = 91C9806C1E7315D10051CB28;
			remoteInfo = 2DA_EVA_4_CUSTOM_TABLES;
		};
		91C9808D1E7315D20051CB28 /* PBXContainerItemProxy */ = {
			isa = PBXContainerItemProxy;
			containerPortal = 91C980651E7315D10051CB28 /* Project object */;
			proxyType = 1;
			remoteGlobalIDString = 91C9806C1E7315D10051CB28;
			remoteInfo = 2DA_EVA_4_CUSTOM_TABLES;
		};
/* End PBXContainerItemProxy section */

/* Begin PBXFileReference section */
		91C9806D1E7315D20051CB28 /* 2DA_EVA_4_CUSTOM_TABLES.app */ = {isa = PBXFileReference; explicitFileType = wrapper.application; includeInIndex = 0; path = 2DA_EVA_4_CUSTOM_TABLES.app; sourceTree = BUILT_PRODUCTS_DIR; };
		91C980701E7315D20051CB28 /* AppDelegate.swift */ = {isa = PBXFileReference; lastKnownFileType = sourcecode.swift; path = AppDelegate.swift; sourceTree = "<group>"; };
		91C980721E7315D20051CB28 /* ViewController.swift */ = {isa = PBXFileReference; lastKnownFileType = sourcecode.swift; path = ViewController.swift; sourceTree = "<group>"; };
		91C980751E7315D20051CB28 /* Base */ = {isa = PBXFileReference; lastKnownFileType = file.storyboard; name = Base; path = Base.lproj/Main.storyboard; sourceTree = "<group>"; };
		91C980771E7315D20051CB28 /* Assets.xcassets */ = {isa = PBXFileReference; lastKnownFileType = folder.assetcatalog; path = Assets.xcassets; sourceTree = "<group>"; };
		91C9807A1E7315D20051CB28 /* Base */ = {isa = PBXFileReference; lastKnownFileType = file.storyboard; name = Base; path = Base.lproj/LaunchScreen.storyboard; sourceTree = "<group>"; };
		91C9807C1E7315D20051CB28 /* Info.plist */ = {isa = PBXFileReference; lastKnownFileType = text.plist.xml; path = Info.plist; sourceTree = "<group>"; };
		91C980811E7315D20051CB28 /* 2DA_EVA_4_CUSTOM_TABLESTests.xctest */ = {isa = PBXFileReference; explicitFileType = wrapper.cfbundle; includeInIndex = 0; path = 2DA_EVA_4_CUSTOM_TABLESTests.xctest; sourceTree = BUILT_PRODUCTS_DIR; };
		91C980851E7315D20051CB28 /* _DA_EVA_4_CUSTOM_TABLESTests.swift */ = {isa = PBXFileReference; lastKnownFileType = sourcecode.swift; path = _DA_EVA_4_CUSTOM_TABLESTests.swift; sourceTree = "<group>"; };
		91C980871E7315D20051CB28 /* Info.plist */ = {isa = PBXFileReference; lastKnownFileType = text.plist.xml; path = Info.plist; sourceTree = "<group>"; };
		91C9808C1E7315D20051CB28 /* 2DA_EVA_4_CUSTOM_TABLESUITests.xctest */ = {isa = PBXFileReference; explicitFileType = wrapper.cfbundle; includeInIndex = 0; path = 2DA_EVA_4_CUSTOM_TABLESUITests.xctest; sourceTree = BUILT_PRODUCTS_DIR; };
		91C980901E7315D20051CB28 /* _DA_EVA_4_CUSTOM_TABLESUITests.swift */ = {isa = PBXFileReference; lastKnownFileType = sourcecode.swift; path = _DA_EVA_4_CUSTOM_TABLESUITests.swift; sourceTree = "<group>"; };
		91C980921E7315D20051CB28 /* Info.plist */ = {isa = PBXFileReference; lastKnownFileType = text.plist.xml; path = Info.plist; sourceTree = "<group>"; };
		91C9809E1E731A8E0051CB28 /* TableViewCell.swift */ = {isa = PBXFileReference; fileEncoding = 4; lastKnownFileType = sourcecode.swift; path = TableViewCell.swift; sourceTree = "<group>"; };
/* End PBXFileReference section */

/* Begin PBXFrameworksBuildPhase section */
		91C9806A1E7315D10051CB28 /* Frameworks */ = {
			isa = PBXFrameworksBuildPhase;
			buildActionMask = 2147483647;
			files = (
			);
			runOnlyForDeploymentPostprocessing = 0;
		};
		91C9807E1E7315D20051CB28 /* Frameworks */ = {
			isa = PBXFrameworksBuildPhase;
			buildActionMask = 2147483647;
			files = (
			);
			runOnlyForDeploymentPostprocessing = 0;
		};
		91C980891E7315D20051CB28 /* Frameworks */ = {
			isa = PBXFrameworksBuildPhase;
			buildActionMask = 2147483647;
			files = (
			);
			runOnlyForDeploymentPostprocessing = 0;
		};
/* End PBXFrameworksBuildPhase section */

/* Begin PBXGroup section */
		91C980641E7315D10051CB28 = {
			isa = PBXGroup;
			children = (
				91C9806F1E7315D20051CB28 /* 2DA_EVA_4_CUSTOM_TABLES */,
				91C980841E7315D20051CB28 /* 2DA_EVA_4_CUSTOM_TABLESTests */,
				91C9808F1E7315D20051CB28 /* 2DA_EVA_4_CUSTOM_TABLESUITests */,
				91C9806E1E7315D20051CB28 /* Products */,
			);
			sourceTree = "<group>";
		};
		91C9806E1E7315D20051CB28 /* Products */ = {
			isa = PBXGroup;
			children = (
				91C9806D1E7315D20051CB28 /* 2DA_EVA_4_CUSTOM_TABLES.app */,
				91C980811E7315D20051CB28 /* 2DA_EVA_4_CUSTOM_TABLESTests.xctest */,
				91C9808C1E7315D20051CB28 /* 2DA_EVA_4_CUSTOM_TABLESUITests.xctest */,
			);
			name = Products;
			sourceTree = "<group>";
		};
		91C9806F1E7315D20051CB28 /* 2DA_EVA_4_CUSTOM_TABLES */ = {
			isa = PBXGroup;
			children = (
				91C980701E7315D20051CB28 /* AppDelegate.swift */,
				91C980721E7315D20051CB28 /* ViewController.swift */,
				91C980741E7315D20051CB28 /* Main.storyboard */,
				91C980771E7315D20051CB28 /* Assets.xcassets */,
				91C980791E7315D20051CB28 /* LaunchScreen.storyboard */,
				91C9807C1E7315D20051CB28 /* Info.plist */,
				91C9809E1E731A8E0051CB28 /* TableViewCell.swift */,
			);
			path = 2DA_EVA_4_CUSTOM_TABLES;
			sourceTree = "<group>";
		};
		91C980841E7315D20051CB28 /* 2DA_EVA_4_CUSTOM_TABLESTests */ = {
			isa = PBXGroup;
			children = (
				91C980851E7315D20051CB28 /* _DA_EVA_4_CUSTOM_TABLESTests.swift */,
				91C980871E7315D20051CB28 /* Info.plist */,
			);
			path = 2DA_EVA_4_CUSTOM_TABLESTests;
			sourceTree = "<group>";
		};
		91C9808F1E7315D20051CB28 /* 2DA_EVA_4_CUSTOM_TABLESUITests */ = {
			isa = PBXGroup;
			children = (
				91C980901E7315D20051CB28 /* _DA_EVA_4_CUSTOM_TABLESUITests.swift */,
				91C980921E7315D20051CB28 /* Info.plist */,
			);
			path = 2DA_EVA_4_CUSTOM_TABLESUITests;
			sourceTree = "<group>";
		};
/* End PBXGroup section */

/* Begin PBXNativeTarget section */
		91C9806C1E7315D10051CB28 /* 2DA_EVA_4_CUSTOM_TABLES */ = {
			isa = PBXNativeTarget;
			buildConfigurationList = 91C980951E7315D20051CB28 /* Build configuration list for PBXNativeTarget "2DA_EVA_4_CUSTOM_TABLES" */;
			buildPhases = (
				91C980691E7315D10051CB28 /* Sources */,
				91C9806A1E7315D10051CB28 /* Frameworks */,
				91C9806B1E7315D10051CB28 /* Resources */,
			);
			buildRules = (
			);
			dependencies = (
			);
			name = 2DA_EVA_4_CUSTOM_TABLES;
			productName = 2DA_EVA_4_CUSTOM_TABLES;
			productReference = 91C9806D1E7315D20051CB28 /* 2DA_EVA_4_CUSTOM_TABLES.app */;
			productType = "com.apple.product-type.application";
		};
		91C980801E7315D20051CB28 /* 2DA_EVA_4_CUSTOM_TABLESTests */ = {
			isa = PBXNativeTarget;
			buildConfigurationList = 91C980981E7315D20051CB28 /* Build configuration list for PBXNativeTarget "2DA_EVA_4_CUSTOM_TABLESTests" */;
			buildPhases = (
				91C9807D1E7315D20051CB28 /* Sources */,
				91C9807E1E7315D20051CB28 /* Frameworks */,
				91C9807F1E7315D20051CB28 /* Resources */,
			);
			buildRules = (
			);
			dependencies = (
				91C980831E7315D20051CB28 /* PBXTargetDependency */,
			);
			name = 2DA_EVA_4_CUSTOM_TABLESTests;
			productName = 2DA_EVA_4_CUSTOM_TABLESTests;
			productReference = 91C980811E7315D20051CB28 /* 2DA_EVA_4_CUSTOM_TABLESTests.xctest */;
			productType = "com.apple.product-type.bundle.unit-test";
		};
		91C9808B1E7315D20051CB28 /* 2DA_EVA_4_CUSTOM_TABLESUITests */ = {
			isa = PBXNativeTarget;
			buildConfigurationList = 91C9809B1E7315D20051CB28 /* Build configuration list for PBXNativeTarget "2DA_EVA_4_CUSTOM_TABLESUITests" */;
			buildPhases = (
				91C980881E7315D20051CB28 /* Sources */,
				91C980891E7315D20051CB28 /* Frameworks */,
				91C9808A1E7315D20051CB28 /* Resources */,
			);
			buildRules = (
			);
			dependencies = (
				91C9808E1E7315D20051CB28 /* PBXTargetDependency */,
			);
			name = 2DA_EVA_4_CUSTOM_TABLESUITests;
			productName = 2DA_EVA_4_CUSTOM_TABLESUITests;
			productReference = 91C9808C1E7315D20051CB28 /* 2DA_EVA_4_CUSTOM_TABLESUITests.xctest */;
			productType = "com.apple.product-type.bundle.ui-testing";
		};
/* End PBXNativeTarget section */

/* Begin PBXProject section */
		91C980651E7315D10051CB28 /* Project object */ = {
			isa = PBXProject;
			attributes = {
				LastSwiftUpdateCheck = 0730;
				LastUpgradeCheck = 0730;
				ORGANIZATIONNAME = "LUIS FERNANDO";
				TargetAttributes = {
					91C9806C1E7315D10051CB28 = {
						CreatedOnToolsVersion = 7.3.1;
					};
					91C980801E7315D20051CB28 = {
						CreatedOnToolsVersion = 7.3.1;
						TestTargetID = 91C9806C1E7315D10051CB28;
					};
					91C9808B1E7315D20051CB28 = {
						CreatedOnToolsVersion = 7.3.1;
						TestTargetID = 91C9806C1E7315D10051CB28;
					};
				};
			};
			buildConfigurationList = 91C980681E7315D10051CB28 /* Build configuration list for PBXProject "2DA_EVA_4_CUSTOM_TABLES" */;
			compatibilityVersion = "Xcode 3.2";
			developmentRegion = English;
			hasScannedForEncodings = 0;
			knownRegions = (
				en,
				Base,
			);
			mainGroup = 91C980641E7315D10051CB28;
			productRefGroup = 91C9806E1E7315D20051CB28 /* Products */;
			projectDirPath = "";
			projectRoot = "";
			targets = (
				91C9806C1E7315D10051CB28 /* 2DA_EVA_4_CUSTOM_TABLES */,
				91C980801E7315D20051CB28 /* 2DA_EVA_4_CUSTOM_TABLESTests */,
				91C9808B1E7315D20051CB28 /* 2DA_EVA_4_CUSTOM_TABLESUITests */,
			);
		};
/* End PBXProject section */

/* Begin PBXResourcesBuildPhase section */
		91C9806B1E7315D10051CB28 /* Resources */ = {
			isa = PBXResourcesBuildPhase;
			buildActionMask = 2147483647;
			files = (
				91C9807B1E7315D20051CB28 /* LaunchScreen.storyboard in Resources */,
				91C980781E7315D20051CB28 /* Assets.xcassets in Resources */,
				91C980761E7315D20051CB28 /* Main.storyboard in Resources */,
			);
			runOnlyForDeploymentPostprocessing = 0;
		};
		91C9807F1E7315D20051CB28 /* Resources */ = {
			isa = PBXResourcesBuildPhase;
			buildActionMask = 2147483647;
			files = (
			);
			runOnlyForDeploymentPostprocessing = 0;
		};
		91C9808A1E7315D20051CB28 /* Resources */ = {
			isa = PBXResourcesBuildPhase;
			buildActionMask = 2147483647;
			files = (
			);
			runOnlyForDeploymentPostprocessing = 0;
		};
/* End PBXResourcesBuildPhase section */

/* Begin PBXSourcesBuildPhase section */
		91C980691E7315D10051CB28 /* Sources */ = {
			isa = PBXSourcesBuildPhase;
			buildActionMask = 2147483647;
			files = (
				91C9809F1E731A8E0051CB28 /* TableViewCell.swift in Sources */,
				91C980731E7315D20051CB28 /* ViewController.swift in Sources */,
				91C980711E7315D20051CB28 /* AppDelegate.swift in Sources */,
			);
			runOnlyForDeploymentPostprocessing = 0;
		};
		91C9807D1E7315D20051CB28 /* Sources */ = {
			isa = PBXSourcesBuildPhase;
			buildActionMask = 2147483647;
			files = (
				91C980861E7315D20051CB28 /* _DA_EVA_4_CUSTOM_TABLESTests.swift in Sources */,
			);
			runOnlyForDeploymentPostprocessing = 0;
		};
		91C980881E7315D20051CB28 /* Sources */ = {
			isa = PBXSourcesBuildPhase;
			buildActionMask = 2147483647;
			files = (
				91C980911E7315D20051CB28 /* _DA_EVA_4_CUSTOM_TABLESUITests.swift in Sources */,
			);
			runOnlyForDeploymentPostprocessing = 0;
		};
/* End PBXSourcesBuildPhase section */

/* Begin PBXTargetDependency section */
		91C980831E7315D20051CB28 /* PBXTargetDependency */ = {
			isa = PBXTargetDependency;
			target = 91C9806C1E7315D10051CB28 /* 2DA_EVA_4_CUSTOM_TABLES */;
			targetProxy = 91C980821E7315D20051CB28 /* PBXContainerItemProxy */;
		};
		91C9808E1E7315D20051CB28 /* PBXTargetDependency */ = {
			isa = PBXTargetDependency;
			target = 91C9806C1E7315D10051CB28 /* 2DA_EVA_4_CUSTOM_TABLES */;
			targetProxy = 91C9808D1E7315D20051CB28 /* PBXContainerItemProxy */;
		};
/* End PBXTargetDependency section */

/* Begin PBXVariantGroup section */
		91C980741E7315D20051CB28 /* Main.storyboard */ = {
			isa = PBXVariantGroup;
			children = (
				91C980751E7315D20051CB28 /* Base */,
			);
			name = Main.storyboard;
			sourceTree = "<group>";
		};
		91C980791E7315D20051CB28 /* LaunchScreen.storyboard */ = {
			isa = PBXVariantGroup;
			children = (
				91C9807A1E7315D20051CB28 /* Base */,
			);
			name = LaunchScreen.storyboard;
			sourceTree = "<group>";
		};
/* End PBXVariantGroup section */

/* Begin XCBuildConfiguration section */
		91C980931E7315D20051CB28 /* Debug */ = {
			isa = XCBuildConfiguration;
			buildSettings = {
				ALWAYS_SEARCH_USER_PATHS = NO;
				CLANG_ANALYZER_NONNULL = YES;
				CLANG_CXX_LANGUAGE_STANDARD = "gnu++0x";
				CLANG_CXX_LIBRARY = "libc++";
				CLANG_ENABLE_MODULES = YES;
				CLANG_ENABLE_OBJC_ARC = YES;
				CLANG_WARN_BOOL_CONVERSION = YES;
				CLANG_WARN_CONSTANT_CONVERSION = YES;
				CLANG_WARN_DIRECT_OBJC_ISA_USAGE = YES_ERROR;
				CLANG_WARN_EMPTY_BODY = YES;
				CLANG_WARN_ENUM_CONVERSION = YES;
				CLANG_WARN_INT_CONVERSION = YES;
				CLANG_WARN_OBJC_ROOT_CLASS = YES_ERROR;
				CLANG_WARN_UNREACHABLE_CODE = YES;
				CLANG_WARN__DUPLICATE_METHOD_MATCH = YES;
				"CODE_SIGN_IDENTITY[sdk=iphoneos*]" = "iPhone Developer";
				COPY_PHASE_STRIP = NO;
				DEBUG_INFORMATION_FORMAT = dwarf;
				ENABLE_STRICT_OBJC_MSGSEND = YES;
				ENABLE_TESTABILITY = YES;
				GCC_C_LANGUAGE_STANDARD = gnu99;
				GCC_DYNAMIC_NO_PIC = NO;
				GCC_NO_COMMON_BLOCKS = YES;
				GCC_OPTIMIZATION_LEVEL = 0;
				GCC_PREPROCESSOR_DEFINITIONS = (
					"DEBUG=1",
					"$(inherited)",
				);
				GCC_WARN_64_TO_32_BIT_CONVERSION = YES;
				GCC_WARN_ABOUT_RETURN_TYPE = YES_ERROR;
				GCC_WARN_UNDECLARED_SELECTOR = YES;
				GCC_WARN_UNINITIALIZED_AUTOS = YES_AGGRESSIVE;
				GCC_WARN_UNUSED_FUNCTION = YES;
				GCC_WARN_UNUSED_VARIABLE = YES;
				IPHONEOS_DEPLOYMENT_TARGET = 9.3;
				MTL_ENABLE_DEBUG_INFO = YES;
				ONLY_ACTIVE_ARCH = YES;
				SDKROOT = iphoneos;
				SWIFT_OPTIMIZATION_LEVEL = "-Onone";
				TARGETED_DEVICE_FAMILY = "1,2";
			};
			name = Debug;
		};
		91C980941E7315D20051CB28 /* Release */ = {
			isa = XCBuildConfiguration;
			buildSettings = {
				ALWAYS_SEARCH_USER_PATHS = NO;
				CLANG_ANALYZER_NONNULL = YES;
				CLANG_CXX_LANGUAGE_STANDARD = "gnu++0x";
				CLANG_CXX_LIBRARY = "libc++";
				CLANG_ENABLE_MODULES = YES;
				CLANG_ENABLE_OBJC_ARC = YES;
				CLANG_WARN_BOOL_CONVERSION = YES;
				CLANG_WARN_CONSTANT_CONVERSION = YES;
				CLANG_WARN_DIRECT_OBJC_ISA_USAGE = YES_ERROR;
				CLANG_WARN_EMPTY_BODY = YES;
				CLANG_WARN_ENUM_CONVERSION = YES;
				CLANG_WARN_INT_CONVERSION = YES;
				CLANG_WARN_OBJC_ROOT_CLASS = YES_ERROR;
				CLANG_WARN_UNREACHABLE_CODE = YES;
				CLANG_WARN__DUPLICATE_METHOD_MATCH = YES;
				"CODE_SIGN_IDENTITY[sdk=iphoneos*]" = "iPhone Developer";
				COPY_PHASE_STRIP = NO;
				DEBUG_INFORMATION_FORMAT = "dwarf-with-dsym";
				ENABLE_NS_ASSERTIONS = NO;
				ENABLE_STRICT_OBJC_MSGSEND = YES;
				GCC_C_LANGUAGE_STANDARD = gnu99;
				GCC_NO_COMMON_BLOCKS = YES;
				GCC_WARN_64_TO_32_BIT_CONVERSION = YES;
				GCC_WARN_ABOUT_RETURN_TYPE = YES_ERROR;
				GCC_WARN_UNDECLARED_SELECTOR = YES;
				GCC_WARN_UNINITIALIZED_AUTOS = YES_AGGRESSIVE;
				GCC_WARN_UNUSED_FUNCTION = YES;
				GCC_WARN_UNUSED_VARIABLE = YES;
				IPHONEOS_DEPLOYMENT_TARGET = 9.3;
				MTL_ENABLE_DEBUG_INFO = NO;
				SDKROOT = iphoneos;
				TARGETED_DEVICE_FAMILY = "1,2";
				VALIDATE_PRODUCT = YES;
			};
			name = Release;
		};
		91C980961E7315D20051CB28 /* Debug */ = {
			isa = XCBuildConfiguration;
			buildSettings = {
				ASSETCATALOG_COMPILER_APPICON_NAME = AppIcon;
				INFOPLIST_FILE = 2DA_EVA_4_CUSTOM_TABLES/Info.plist;
				LD_RUNPATH_SEARCH_PATHS = "$(inherited) @executable_path/Frameworks";
				PRODUCT_BUNDLE_IDENTIFIER = "com.gallegos.luis.-DA-EVA-4-CUSTOM-TABLES";
				PRODUCT_NAME = "$(TARGET_NAME)";
			};
			name = Debug;
		};
		91C980971E7315D20051CB28 /* Release */ = {
			isa = XCBuildConfiguration;
			buildSettings = {
				ASSETCATALOG_COMPILER_APPICON_NAME = AppIcon;
				INFOPLIST_FILE = 2DA_EVA_4_CUSTOM_TABLES/Info.plist;
				LD_RUNPATH_SEARCH_PATHS = "$(inherited) @executable_path/Frameworks";
				PRODUCT_BUNDLE_IDENTIFIER = "com.gallegos.luis.-DA-EVA-4-CUSTOM-TABLES";
				PRODUCT_NAME = "$(TARGET_NAME)";
			};
			name = Release;
		};
		91C980991E7315D20051CB28 /* Debug */ = {
			isa = XCBuildConfiguration;
			buildSettings = {
				BUNDLE_LOADER = "$(TEST_HOST)";
				INFOPLIST_FILE = 2DA_EVA_4_CUSTOM_TABLESTests/Info.plist;
				LD_RUNPATH_SEARCH_PATHS = "$(inherited) @executable_path/Frameworks @loader_path/Frameworks";
				PRODUCT_BUNDLE_IDENTIFIER = "com.gallegos.luis.-DA-EVA-4-CUSTOM-TABLESTests";
				PRODUCT_NAME = "$(TARGET_NAME)";
				TEST_HOST = "$(BUILT_PRODUCTS_DIR)/2DA_EVA_4_CUSTOM_TABLES.app/2DA_EVA_4_CUSTOM_TABLES";
			};
			name = Debug;
		};
		91C9809A1E7315D20051CB28 /* Release */ = {
			isa = XCBuildConfiguration;
			buildSettings = {
				BUNDLE_LOADER = "$(TEST_HOST)";
				INFOPLIST_FILE = 2DA_EVA_4_CUSTOM_TABLESTests/Info.plist;
				LD_RUNPATH_SEARCH_PATHS = "$(inherited) @executable_path/Frameworks @loader_path/Frameworks";
				PRODUCT_BUNDLE_IDENTIFIER = "com.gallegos.luis.-DA-EVA-4-CUSTOM-TABLESTests";
				PRODUCT_NAME = "$(TARGET_NAME)";
				TEST_HOST = "$(BUILT_PRODUCTS_DIR)/2DA_EVA_4_CUSTOM_TABLES.app/2DA_EVA_4_CUSTOM_TABLES";
			};
			name = Release;
		};
		91C9809C1E7315D20051CB28 /* Debug */ = {
			isa = XCBuildConfiguration;
			buildSettings = {
				INFOPLIST_FILE = 2DA_EVA_4_CUSTOM_TABLESUITests/Info.plist;
				LD_RUNPATH_SEARCH_PATHS = "$(inherited) @executable_path/Frameworks @loader_path/Frameworks";
				PRODUCT_BUNDLE_IDENTIFIER = "com.gallegos.luis.-DA-EVA-4-CUSTOM-TABLESUITests";
				PRODUCT_NAME = "$(TARGET_NAME)";
				TEST_TARGET_NAME = 2DA_EVA_4_CUSTOM_TABLES;
			};
			name = Debug;
		};
		91C9809D1E7315D20051CB28 /* Release */ = {
			isa = XCBuildConfiguration;
			buildSettings = {
				INFOPLIST_FILE = 2DA_EVA_4_CUSTOM_TABLESUITests/Info.plist;
				LD_RUNPATH_SEARCH_PATHS = "$(inherited) @executable_path/Frameworks @loader_path/Frameworks";
				PRODUCT_BUNDLE_IDENTIFIER = "com.gallegos.luis.-DA-EVA-4-CUSTOM-TABLESUITests";
				PRODUCT_NAME = "$(TARGET_NAME)";
				TEST_TARGET_NAME = 2DA_EVA_4_CUSTOM_TABLES;
			};
			name = Release;
		};
/* End XCBuildConfiguration section */

/* Begin XCConfigurationList section */
		91C980681E7315D10051CB28 /* Build configuration list for PBXProject "2DA_EVA_4_CUSTOM_TABLES" */ = {
			isa = XCConfigurationList;
			buildConfigurations = (
				91C980931E7315D20051CB28 /* Debug */,
				91C980941E7315D20051CB28 /* Release */,
			);
			defaultConfigurationIsVisible = 0;
			defaultConfigurationName = Release;
		};
		91C980951E7315D20051CB28 /* Build configuration list for PBXNativeTarget "2DA_EVA_4_CUSTOM_TABLES" */ = {
			isa = XCConfigurationList;
			buildConfigurations = (
				91C980961E7315D20051CB28 /* Debug */,
				91C980971E7315D20051CB28 /* Release */,
			);
			defaultConfigurationIsVisible = 0;
		};
		91C980981E7315D20051CB28 /* Build configuration list for PBXNativeTarget "2DA_EVA_4_CUSTOM_TABLESTests" */ = {
			isa = XCConfigurationList;
			buildConfigurations = (
				91C980991E7315D20051CB28 /* Debug */,
				91C9809A1E7315D20051CB28 /* Release */,
			);
			defaultConfigurationIsVisible = 0;
		};
		91C9809B1E7315D20051CB28 /* Build configuration list for PBXNativeTarget "2DA_EVA_4_CUSTOM_TABLESUITests" */ = {
			isa = XCConfigurationList;
			buildConfigurations = (
				91C9809C1E7315D20051CB28 /* Debug */,
				91C9809D1E7315D20051CB28 /* Release */,
			);
			defaultConfigurationIsVisible = 0;
		};
/* End XCConfigurationList section */
	};
	rootObject = 91C980651E7315D10051CB28 /* Project object */;
}
