// !$*UTF8*$!
{
	archiveVersion = 1;
	classes = {
	};
	objectVersion = 46;
	objects = {

/* Begin PBXBuildFile section */
		91A6CDE41E7AFF6700D6C0C3 /* AppDelegate.swift in Sources */ = {isa = PBXBuildFile; fileRef = 91A6CDE31E7AFF6700D6C0C3 /* AppDelegate.swift */; };
		91A6CDE61E7AFF6700D6C0C3 /* ViewController.swift in Sources */ = {isa = PBXBuildFile; fileRef = 91A6CDE51E7AFF6700D6C0C3 /* ViewController.swift */; };
		91A6CDE91E7AFF6700D6C0C3 /* Main.storyboard in Resources */ = {isa = PBXBuildFile; fileRef = 91A6CDE71E7AFF6700D6C0C3 /* Main.storyboard */; };
		91A6CDEB1E7AFF6700D6C0C3 /* Assets.xcassets in Resources */ = {isa = PBXBuildFile; fileRef = 91A6CDEA1E7AFF6700D6C0C3 /* Assets.xcassets */; };
		91A6CDEE1E7AFF6700D6C0C3 /* LaunchScreen.storyboard in Resources */ = {isa = PBXBuildFile; fileRef = 91A6CDEC1E7AFF6700D6C0C3 /* LaunchScreen.storyboard */; };
		91A6CDF91E7AFF6700D6C0C3 /* _DA_EVA_6_PICKER_VIEWTests.swift in Sources */ = {isa = PBXBuildFile; fileRef = 91A6CDF81E7AFF6700D6C0C3 /* _DA_EVA_6_PICKER_VIEWTests.swift */; };
		91A6CE041E7AFF6700D6C0C3 /* _DA_EVA_6_PICKER_VIEWUITests.swift in Sources */ = {isa = PBXBuildFile; fileRef = 91A6CE031E7AFF6700D6C0C3 /* _DA_EVA_6_PICKER_VIEWUITests.swift */; };
/* End PBXBuildFile section */

/* Begin PBXContainerItemProxy section */
		91A6CDF51E7AFF6700D6C0C3 /* PBXContainerItemProxy */ = {
			isa = PBXContainerItemProxy;
			containerPortal = 91A6CDD81E7AFF6700D6C0C3 /* Project object */;
			proxyType = 1;
			remoteGlobalIDString = 91A6CDDF1E7AFF6700D6C0C3;
			remoteInfo = 2DA_EVA_6_PICKER_VIEW;
		};
		91A6CE001E7AFF6700D6C0C3 /* PBXContainerItemProxy */ = {
			isa = PBXContainerItemProxy;
			containerPortal = 91A6CDD81E7AFF6700D6C0C3 /* Project object */;
			proxyType = 1;
			remoteGlobalIDString = 91A6CDDF1E7AFF6700D6C0C3;
			remoteInfo = 2DA_EVA_6_PICKER_VIEW;
		};
/* End PBXContainerItemProxy section */

/* Begin PBXFileReference section */
		91A6CDE01E7AFF6700D6C0C3 /* 2DA_EVA_6_PICKER_VIEW.app */ = {isa = PBXFileReference; explicitFileType = wrapper.application; includeInIndex = 0; path = 2DA_EVA_6_PICKER_VIEW.app; sourceTree = BUILT_PRODUCTS_DIR; };
		91A6CDE31E7AFF6700D6C0C3 /* AppDelegate.swift */ = {isa = PBXFileReference; lastKnownFileType = sourcecode.swift; path = AppDelegate.swift; sourceTree = "<group>"; };
		91A6CDE51E7AFF6700D6C0C3 /* ViewController.swift */ = {isa = PBXFileReference; lastKnownFileType = sourcecode.swift; path = ViewController.swift; sourceTree = "<group>"; };
		91A6CDE81E7AFF6700D6C0C3 /* Base */ = {isa = PBXFileReference; lastKnownFileType = file.storyboard; name = Base; path = Base.lproj/Main.storyboard; sourceTree = "<group>"; };
		91A6CDEA1E7AFF6700D6C0C3 /* Assets.xcassets */ = {isa = PBXFileReference; lastKnownFileType = folder.assetcatalog; path = Assets.xcassets; sourceTree = "<group>"; };
		91A6CDED1E7AFF6700D6C0C3 /* Base */ = {isa = PBXFileReference; lastKnownFileType = file.storyboard; name = Base; path = Base.lproj/LaunchScreen.storyboard; sourceTree = "<group>"; };
		91A6CDEF1E7AFF6700D6C0C3 /* Info.plist */ = {isa = PBXFileReference; lastKnownFileType = text.plist.xml; path = Info.plist; sourceTree = "<group>"; };
		91A6CDF41E7AFF6700D6C0C3 /* 2DA_EVA_6_PICKER_VIEWTests.xctest */ = {isa = PBXFileReference; explicitFileType = wrapper.cfbundle; includeInIndex = 0; path = 2DA_EVA_6_PICKER_VIEWTests.xctest; sourceTree = BUILT_PRODUCTS_DIR; };
		91A6CDF81E7AFF6700D6C0C3 /* _DA_EVA_6_PICKER_VIEWTests.swift */ = {isa = PBXFileReference; lastKnownFileType = sourcecode.swift; path = _DA_EVA_6_PICKER_VIEWTests.swift; sourceTree = "<group>"; };
		91A6CDFA1E7AFF6700D6C0C3 /* Info.plist */ = {isa = PBXFileReference; lastKnownFileType = text.plist.xml; path = Info.plist; sourceTree = "<group>"; };
		91A6CDFF1E7AFF6700D6C0C3 /* 2DA_EVA_6_PICKER_VIEWUITests.xctest */ = {isa = PBXFileReference; explicitFileType = wrapper.cfbundle; includeInIndex = 0; path = 2DA_EVA_6_PICKER_VIEWUITests.xctest; sourceTree = BUILT_PRODUCTS_DIR; };
		91A6CE031E7AFF6700D6C0C3 /* _DA_EVA_6_PICKER_VIEWUITests.swift */ = {isa = PBXFileReference; lastKnownFileType = sourcecode.swift; path = _DA_EVA_6_PICKER_VIEWUITests.swift; sourceTree = "<group>"; };
		91A6CE051E7AFF6700D6C0C3 /* Info.plist */ = {isa = PBXFileReference; lastKnownFileType = text.plist.xml; path = Info.plist; sourceTree = "<group>"; };
/* End PBXFileReference section */

/* Begin PBXFrameworksBuildPhase section */
		91A6CDDD1E7AFF6700D6C0C3 /* Frameworks */ = {
			isa = PBXFrameworksBuildPhase;
			buildActionMask = 2147483647;
			files = (
			);
			runOnlyForDeploymentPostprocessing = 0;
		};
		91A6CDF11E7AFF6700D6C0C3 /* Frameworks */ = {
			isa = PBXFrameworksBuildPhase;
			buildActionMask = 2147483647;
			files = (
			);
			runOnlyForDeploymentPostprocessing = 0;
		};
		91A6CDFC1E7AFF6700D6C0C3 /* Frameworks */ = {
			isa = PBXFrameworksBuildPhase;
			buildActionMask = 2147483647;
			files = (
			);
			runOnlyForDeploymentPostprocessing = 0;
		};
/* End PBXFrameworksBuildPhase section */

/* Begin PBXGroup section */
		91A6CDD71E7AFF6700D6C0C3 = {
			isa = PBXGroup;
			children = (
				91A6CDE21E7AFF6700D6C0C3 /* 2DA_EVA_6_PICKER_VIEW */,
				91A6CDF71E7AFF6700D6C0C3 /* 2DA_EVA_6_PICKER_VIEWTests */,
				91A6CE021E7AFF6700D6C0C3 /* 2DA_EVA_6_PICKER_VIEWUITests */,
				91A6CDE11E7AFF6700D6C0C3 /* Products */,
			);
			sourceTree = "<group>";
		};
		91A6CDE11E7AFF6700D6C0C3 /* Products */ = {
			isa = PBXGroup;
			children = (
				91A6CDE01E7AFF6700D6C0C3 /* 2DA_EVA_6_PICKER_VIEW.app */,
				91A6CDF41E7AFF6700D6C0C3 /* 2DA_EVA_6_PICKER_VIEWTests.xctest */,
				91A6CDFF1E7AFF6700D6C0C3 /* 2DA_EVA_6_PICKER_VIEWUITests.xctest */,
			);
			name = Products;
			sourceTree = "<group>";
		};
		91A6CDE21E7AFF6700D6C0C3 /* 2DA_EVA_6_PICKER_VIEW */ = {
			isa = PBXGroup;
			children = (
				91A6CDE31E7AFF6700D6C0C3 /* AppDelegate.swift */,
				91A6CDE51E7AFF6700D6C0C3 /* ViewController.swift */,
				91A6CDE71E7AFF6700D6C0C3 /* Main.storyboard */,
				91A6CDEA1E7AFF6700D6C0C3 /* Assets.xcassets */,
				91A6CDEC1E7AFF6700D6C0C3 /* LaunchScreen.storyboard */,
				91A6CDEF1E7AFF6700D6C0C3 /* Info.plist */,
			);
			path = 2DA_EVA_6_PICKER_VIEW;
			sourceTree = "<group>";
		};
		91A6CDF71E7AFF6700D6C0C3 /* 2DA_EVA_6_PICKER_VIEWTests */ = {
			isa = PBXGroup;
			children = (
				91A6CDF81E7AFF6700D6C0C3 /* _DA_EVA_6_PICKER_VIEWTests.swift */,
				91A6CDFA1E7AFF6700D6C0C3 /* Info.plist */,
			);
			path = 2DA_EVA_6_PICKER_VIEWTests;
			sourceTree = "<group>";
		};
		91A6CE021E7AFF6700D6C0C3 /* 2DA_EVA_6_PICKER_VIEWUITests */ = {
			isa = PBXGroup;
			children = (
				91A6CE031E7AFF6700D6C0C3 /* _DA_EVA_6_PICKER_VIEWUITests.swift */,
				91A6CE051E7AFF6700D6C0C3 /* Info.plist */,
			);
			path = 2DA_EVA_6_PICKER_VIEWUITests;
			sourceTree = "<group>";
		};
/* End PBXGroup section */

/* Begin PBXNativeTarget section */
		91A6CDDF1E7AFF6700D6C0C3 /* 2DA_EVA_6_PICKER_VIEW */ = {
			isa = PBXNativeTarget;
			buildConfigurationList = 91A6CE081E7AFF6700D6C0C3 /* Build configuration list for PBXNativeTarget "2DA_EVA_6_PICKER_VIEW" */;
			buildPhases = (
				91A6CDDC1E7AFF6700D6C0C3 /* Sources */,
				91A6CDDD1E7AFF6700D6C0C3 /* Frameworks */,
				91A6CDDE1E7AFF6700D6C0C3 /* Resources */,
			);
			buildRules = (
			);
			dependencies = (
			);
			name = 2DA_EVA_6_PICKER_VIEW;
			productName = 2DA_EVA_6_PICKER_VIEW;
			productReference = 91A6CDE01E7AFF6700D6C0C3 /* 2DA_EVA_6_PICKER_VIEW.app */;
			productType = "com.apple.product-type.application";
		};
		91A6CDF31E7AFF6700D6C0C3 /* 2DA_EVA_6_PICKER_VIEWTests */ = {
			isa = PBXNativeTarget;
			buildConfigurationList = 91A6CE0B1E7AFF6700D6C0C3 /* Build configuration list for PBXNativeTarget "2DA_EVA_6_PICKER_VIEWTests" */;
			buildPhases = (
				91A6CDF01E7AFF6700D6C0C3 /* Sources */,
				91A6CDF11E7AFF6700D6C0C3 /* Frameworks */,
				91A6CDF21E7AFF6700D6C0C3 /* Resources */,
			);
			buildRules = (
			);
			dependencies = (
				91A6CDF61E7AFF6700D6C0C3 /* PBXTargetDependency */,
			);
			name = 2DA_EVA_6_PICKER_VIEWTests;
			productName = 2DA_EVA_6_PICKER_VIEWTests;
			productReference = 91A6CDF41E7AFF6700D6C0C3 /* 2DA_EVA_6_PICKER_VIEWTests.xctest */;
			productType = "com.apple.product-type.bundle.unit-test";
		};
		91A6CDFE1E7AFF6700D6C0C3 /* 2DA_EVA_6_PICKER_VIEWUITests */ = {
			isa = PBXNativeTarget;
			buildConfigurationList = 91A6CE0E1E7AFF6700D6C0C3 /* Build configuration list for PBXNativeTarget "2DA_EVA_6_PICKER_VIEWUITests" */;
			buildPhases = (
				91A6CDFB1E7AFF6700D6C0C3 /* Sources */,
				91A6CDFC1E7AFF6700D6C0C3 /* Frameworks */,
				91A6CDFD1E7AFF6700D6C0C3 /* Resources */,
			);
			buildRules = (
			);
			dependencies = (
				91A6CE011E7AFF6700D6C0C3 /* PBXTargetDependency */,
			);
			name = 2DA_EVA_6_PICKER_VIEWUITests;
			productName = 2DA_EVA_6_PICKER_VIEWUITests;
			productReference = 91A6CDFF1E7AFF6700D6C0C3 /* 2DA_EVA_6_PICKER_VIEWUITests.xctest */;
			productType = "com.apple.product-type.bundle.ui-testing";
		};
/* End PBXNativeTarget section */

/* Begin PBXProject section */
		91A6CDD81E7AFF6700D6C0C3 /* Project object */ = {
			isa = PBXProject;
			attributes = {
				LastSwiftUpdateCheck = 0730;
				LastUpgradeCheck = 0730;
				ORGANIZATIONNAME = "LUIS FERNANDO";
				TargetAttributes = {
					91A6CDDF1E7AFF6700D6C0C3 = {
						CreatedOnToolsVersion = 7.3.1;
					};
					91A6CDF31E7AFF6700D6C0C3 = {
						CreatedOnToolsVersion = 7.3.1;
						TestTargetID = 91A6CDDF1E7AFF6700D6C0C3;
					};
					91A6CDFE1E7AFF6700D6C0C3 = {
						CreatedOnToolsVersion = 7.3.1;
						TestTargetID = 91A6CDDF1E7AFF6700D6C0C3;
					};
				};
			};
			buildConfigurationList = 91A6CDDB1E7AFF6700D6C0C3 /* Build configuration list for PBXProject "2DA_EVA_6_PICKER_VIEW" */;
			compatibilityVersion = "Xcode 3.2";
			developmentRegion = English;
			hasScannedForEncodings = 0;
			knownRegions = (
				en,
				Base,
			);
			mainGroup = 91A6CDD71E7AFF6700D6C0C3;
			productRefGroup = 91A6CDE11E7AFF6700D6C0C3 /* Products */;
			projectDirPath = "";
			projectRoot = "";
			targets = (
				91A6CDDF1E7AFF6700D6C0C3 /* 2DA_EVA_6_PICKER_VIEW */,
				91A6CDF31E7AFF6700D6C0C3 /* 2DA_EVA_6_PICKER_VIEWTests */,
				91A6CDFE1E7AFF6700D6C0C3 /* 2DA_EVA_6_PICKER_VIEWUITests */,
			);
		};
/* End PBXProject section */

/* Begin PBXResourcesBuildPhase section */
		91A6CDDE1E7AFF6700D6C0C3 /* Resources */ = {
			isa = PBXResourcesBuildPhase;
			buildActionMask = 2147483647;
			files = (
				91A6CDEE1E7AFF6700D6C0C3 /* LaunchScreen.storyboard in Resources */,
				91A6CDEB1E7AFF6700D6C0C3 /* Assets.xcassets in Resources */,
				91A6CDE91E7AFF6700D6C0C3 /* Main.storyboard in Resources */,
			);
			runOnlyForDeploymentPostprocessing = 0;
		};
		91A6CDF21E7AFF6700D6C0C3 /* Resources */ = {
			isa = PBXResourcesBuildPhase;
			buildActionMask = 2147483647;
			files = (
			);
			runOnlyForDeploymentPostprocessing = 0;
		};
		91A6CDFD1E7AFF6700D6C0C3 /* Resources */ = {
			isa = PBXResourcesBuildPhase;
			buildActionMask = 2147483647;
			files = (
			);
			runOnlyForDeploymentPostprocessing = 0;
		};
/* End PBXResourcesBuildPhase section */

/* Begin PBXSourcesBuildPhase section */
		91A6CDDC1E7AFF6700D6C0C3 /* Sources */ = {
			isa = PBXSourcesBuildPhase;
			buildActionMask = 2147483647;
			files = (
				91A6CDE61E7AFF6700D6C0C3 /* ViewController.swift in Sources */,
				91A6CDE41E7AFF6700D6C0C3 /* AppDelegate.swift in Sources */,
			);
			runOnlyForDeploymentPostprocessing = 0;
		};
		91A6CDF01E7AFF6700D6C0C3 /* Sources */ = {
			isa = PBXSourcesBuildPhase;
			buildActionMask = 2147483647;
			files = (
				91A6CDF91E7AFF6700D6C0C3 /* _DA_EVA_6_PICKER_VIEWTests.swift in Sources */,
			);
			runOnlyForDeploymentPostprocessing = 0;
		};
		91A6CDFB1E7AFF6700D6C0C3 /* Sources */ = {
			isa = PBXSourcesBuildPhase;
			buildActionMask = 2147483647;
			files = (
				91A6CE041E7AFF6700D6C0C3 /* _DA_EVA_6_PICKER_VIEWUITests.swift in Sources */,
			);
			runOnlyForDeploymentPostprocessing = 0;
		};
/* End PBXSourcesBuildPhase section */

/* Begin PBXTargetDependency section */
		91A6CDF61E7AFF6700D6C0C3 /* PBXTargetDependency */ = {
			isa = PBXTargetDependency;
			target = 91A6CDDF1E7AFF6700D6C0C3 /* 2DA_EVA_6_PICKER_VIEW */;
			targetProxy = 91A6CDF51E7AFF6700D6C0C3 /* PBXContainerItemProxy */;
		};
		91A6CE011E7AFF6700D6C0C3 /* PBXTargetDependency */ = {
			isa = PBXTargetDependency;
			target = 91A6CDDF1E7AFF6700D6C0C3 /* 2DA_EVA_6_PICKER_VIEW */;
			targetProxy = 91A6CE001E7AFF6700D6C0C3 /* PBXContainerItemProxy */;
		};
/* End PBXTargetDependency section */

/* Begin PBXVariantGroup section */
		91A6CDE71E7AFF6700D6C0C3 /* Main.storyboard */ = {
			isa = PBXVariantGroup;
			children = (
				91A6CDE81E7AFF6700D6C0C3 /* Base */,
			);
			name = Main.storyboard;
			sourceTree = "<group>";
		};
		91A6CDEC1E7AFF6700D6C0C3 /* LaunchScreen.storyboard */ = {
			isa = PBXVariantGroup;
			children = (
				91A6CDED1E7AFF6700D6C0C3 /* Base */,
			);
			name = LaunchScreen.storyboard;
			sourceTree = "<group>";
		};
/* End PBXVariantGroup section */

/* Begin XCBuildConfiguration section */
		91A6CE061E7AFF6700D6C0C3 /* Debug */ = {
			isa = XCBuildConfiguration;
			buildSettings = {
				ALWAYS_SEARCH_USER_PATHS = NO;
				CLANG_ANALYZER_NONNULL = YES;
				CLANG_CXX_LANGUAGE_STANDARD = "gnu++0x";
				CLANG_CXX_LIBRARY = "libc++";
				CLANG_ENABLE_MODULES = YES;
				CLANG_ENABLE_OBJC_ARC = YES;
				CLANG_WARN_BOOL_CONVERSION = YES;
				CLANG_WARN_CONSTANT_CONVERSION = YES;
				CLANG_WARN_DIRECT_OBJC_ISA_USAGE = YES_ERROR;
				CLANG_WARN_EMPTY_BODY = YES;
				CLANG_WARN_ENUM_CONVERSION = YES;
				CLANG_WARN_INT_CONVERSION = YES;
				CLANG_WARN_OBJC_ROOT_CLASS = YES_ERROR;
				CLANG_WARN_UNREACHABLE_CODE = YES;
				CLANG_WARN__DUPLICATE_METHOD_MATCH = YES;
				"CODE_SIGN_IDENTITY[sdk=iphoneos*]" = "iPhone Developer";
				COPY_PHASE_STRIP = NO;
				DEBUG_INFORMATION_FORMAT = dwarf;
				ENABLE_STRICT_OBJC_MSGSEND = YES;
				ENABLE_TESTABILITY = YES;
				GCC_C_LANGUAGE_STANDARD = gnu99;
				GCC_DYNAMIC_NO_PIC = NO;
				GCC_NO_COMMON_BLOCKS = YES;
				GCC_OPTIMIZATION_LEVEL = 0;
				GCC_PREPROCESSOR_DEFINITIONS = (
					"DEBUG=1",
					"$(inherited)",
				);
				GCC_WARN_64_TO_32_BIT_CONVERSION = YES;
				GCC_WARN_ABOUT_RETURN_TYPE = YES_ERROR;
				GCC_WARN_UNDECLARED_SELECTOR = YES;
				GCC_WARN_UNINITIALIZED_AUTOS = YES_AGGRESSIVE;
				GCC_WARN_UNUSED_FUNCTION = YES;
				GCC_WARN_UNUSED_VARIABLE = YES;
				IPHONEOS_DEPLOYMENT_TARGET = 9.3;
				MTL_ENABLE_DEBUG_INFO = YES;
				ONLY_ACTIVE_ARCH = YES;
				SDKROOT = iphoneos;
				SWIFT_OPTIMIZATION_LEVEL = "-Onone";
				TARGETED_DEVICE_FAMILY = "1,2";
			};
			name = Debug;
		};
		91A6CE071E7AFF6700D6C0C3 /* Release */ = {
			isa = XCBuildConfiguration;
			buildSettings = {
				ALWAYS_SEARCH_USER_PATHS = NO;
				CLANG_ANALYZER_NONNULL = YES;
				CLANG_CXX_LANGUAGE_STANDARD = "gnu++0x";
				CLANG_CXX_LIBRARY = "libc++";
				CLANG_ENABLE_MODULES = YES;
				CLANG_ENABLE_OBJC_ARC = YES;
				CLANG_WARN_BOOL_CONVERSION = YES;
				CLANG_WARN_CONSTANT_CONVERSION = YES;
				CLANG_WARN_DIRECT_OBJC_ISA_USAGE = YES_ERROR;
				CLANG_WARN_EMPTY_BODY = YES;
				CLANG_WARN_ENUM_CONVERSION = YES;
				CLANG_WARN_INT_CONVERSION = YES;
				CLANG_WARN_OBJC_ROOT_CLASS = YES_ERROR;
				CLANG_WARN_UNREACHABLE_CODE = YES;
				CLANG_WARN__DUPLICATE_METHOD_MATCH = YES;
				"CODE_SIGN_IDENTITY[sdk=iphoneos*]" = "iPhone Developer";
				COPY_PHASE_STRIP = NO;
				DEBUG_INFORMATION_FORMAT = "dwarf-with-dsym";
				ENABLE_NS_ASSERTIONS = NO;
				ENABLE_STRICT_OBJC_MSGSEND = YES;
				GCC_C_LANGUAGE_STANDARD = gnu99;
				GCC_NO_COMMON_BLOCKS = YES;
				GCC_WARN_64_TO_32_BIT_CONVERSION = YES;
				GCC_WARN_ABOUT_RETURN_TYPE = YES_ERROR;
				GCC_WARN_UNDECLARED_SELECTOR = YES;
				GCC_WARN_UNINITIALIZED_AUTOS = YES_AGGRESSIVE;
				GCC_WARN_UNUSED_FUNCTION = YES;
				GCC_WARN_UNUSED_VARIABLE = YES;
				IPHONEOS_DEPLOYMENT_TARGET = 9.3;
				MTL_ENABLE_DEBUG_INFO = NO;
				SDKROOT = iphoneos;
				TARGETED_DEVICE_FAMILY = "1,2";
				VALIDATE_PRODUCT = YES;
			};
			name = Release;
		};
		91A6CE091E7AFF6700D6C0C3 /* Debug */ = {
			isa = XCBuildConfiguration;
			buildSettings = {
				ASSETCATALOG_COMPILER_APPICON_NAME = AppIcon;
				INFOPLIST_FILE = 2DA_EVA_6_PICKER_VIEW/Info.plist;
				LD_RUNPATH_SEARCH_PATHS = "$(inherited) @executable_path/Frameworks";
				PRODUCT_BUNDLE_IDENTIFIER = "com.gallegos.luis.-DA-EVA-6-PICKER-VIEW";
				PRODUCT_NAME = "$(TARGET_NAME)";
			};
			name = Debug;
		};
		91A6CE0A1E7AFF6700D6C0C3 /* Release */ = {
			isa = XCBuildConfiguration;
			buildSettings = {
				ASSETCATALOG_COMPILER_APPICON_NAME = AppIcon;
				INFOPLIST_FILE = 2DA_EVA_6_PICKER_VIEW/Info.plist;
				LD_RUNPATH_SEARCH_PATHS = "$(inherited) @executable_path/Frameworks";
				PRODUCT_BUNDLE_IDENTIFIER = "com.gallegos.luis.-DA-EVA-6-PICKER-VIEW";
				PRODUCT_NAME = "$(TARGET_NAME)";
			};
			name = Release;
		};
		91A6CE0C1E7AFF6700D6C0C3 /* Debug */ = {
			isa = XCBuildConfiguration;
			buildSettings = {
				BUNDLE_LOADER = "$(TEST_HOST)";
				INFOPLIST_FILE = 2DA_EVA_6_PICKER_VIEWTests/Info.plist;
				LD_RUNPATH_SEARCH_PATHS = "$(inherited) @executable_path/Frameworks @loader_path/Frameworks";
				PRODUCT_BUNDLE_IDENTIFIER = "com.gallegos.luis.-DA-EVA-6-PICKER-VIEWTests";
				PRODUCT_NAME = "$(TARGET_NAME)";
				TEST_HOST = "$(BUILT_PRODUCTS_DIR)/2DA_EVA_6_PICKER_VIEW.app/2DA_EVA_6_PICKER_VIEW";
			};
			name = Debug;
		};
		91A6CE0D1E7AFF6700D6C0C3 /* Release */ = {
			isa = XCBuildConfiguration;
			buildSettings = {
				BUNDLE_LOADER = "$(TEST_HOST)";
				INFOPLIST_FILE = 2DA_EVA_6_PICKER_VIEWTests/Info.plist;
				LD_RUNPATH_SEARCH_PATHS = "$(inherited) @executable_path/Frameworks @loader_path/Frameworks";
				PRODUCT_BUNDLE_IDENTIFIER = "com.gallegos.luis.-DA-EVA-6-PICKER-VIEWTests";
				PRODUCT_NAME = "$(TARGET_NAME)";
				TEST_HOST = "$(BUILT_PRODUCTS_DIR)/2DA_EVA_6_PICKER_VIEW.app/2DA_EVA_6_PICKER_VIEW";
			};
			name = Release;
		};
		91A6CE0F1E7AFF6700D6C0C3 /* Debug */ = {
			isa = XCBuildConfiguration;
			buildSettings = {
				INFOPLIST_FILE = 2DA_EVA_6_PICKER_VIEWUITests/Info.plist;
				LD_RUNPATH_SEARCH_PATHS = "$(inherited) @executable_path/Frameworks @loader_path/Frameworks";
				PRODUCT_BUNDLE_IDENTIFIER = "com.gallegos.luis.-DA-EVA-6-PICKER-VIEWUITests";
				PRODUCT_NAME = "$(TARGET_NAME)";
				TEST_TARGET_NAME = 2DA_EVA_6_PICKER_VIEW;
			};
			name = Debug;
		};
		91A6CE101E7AFF6700D6C0C3 /* Release */ = {
			isa = XCBuildConfiguration;
			buildSettings = {
				INFOPLIST_FILE = 2DA_EVA_6_PICKER_VIEWUITests/Info.plist;
				LD_RUNPATH_SEARCH_PATHS = "$(inherited) @executable_path/Frameworks @loader_path/Frameworks";
				PRODUCT_BUNDLE_IDENTIFIER = "com.gallegos.luis.-DA-EVA-6-PICKER-VIEWUITests";
				PRODUCT_NAME = "$(TARGET_NAME)";
				TEST_TARGET_NAME = 2DA_EVA_6_PICKER_VIEW;
			};
			name = Release;
		};
/* End XCBuildConfiguration section */

/* Begin XCConfigurationList section */
		91A6CDDB1E7AFF6700D6C0C3 /* Build configuration list for PBXProject "2DA_EVA_6_PICKER_VIEW" */ = {
			isa = XCConfigurationList;
			buildConfigurations = (
				91A6CE061E7AFF6700D6C0C3 /* Debug */,
				91A6CE071E7AFF6700D6C0C3 /* Release */,
			);
			defaultConfigurationIsVisible = 0;
			defaultConfigurationName = Release;
		};
		91A6CE081E7AFF6700D6C0C3 /* Build configuration list for PBXNativeTarget "2DA_EVA_6_PICKER_VIEW" */ = {
			isa = XCConfigurationList;
			buildConfigurations = (
				91A6CE091E7AFF6700D6C0C3 /* Debug */,
				91A6CE0A1E7AFF6700D6C0C3 /* Release */,
			);
			defaultConfigurationIsVisible = 0;
		};
		91A6CE0B1E7AFF6700D6C0C3 /* Build configuration list for PBXNativeTarget "2DA_EVA_6_PICKER_VIEWTests" */ = {
			isa = XCConfigurationList;
			buildConfigurations = (
				91A6CE0C1E7AFF6700D6C0C3 /* Debug */,
				91A6CE0D1E7AFF6700D6C0C3 /* Release */,
			);
			defaultConfigurationIsVisible = 0;
		};
		91A6CE0E1E7AFF6700D6C0C3 /* Build configuration list for PBXNativeTarget "2DA_EVA_6_PICKER_VIEWUITests" */ = {
			isa = XCConfigurationList;
			buildConfigurations = (
				91A6CE0F1E7AFF6700D6C0C3 /* Debug */,
				91A6CE101E7AFF6700D6C0C3 /* Release */,
			);
			defaultConfigurationIsVisible = 0;
		};
/* End XCConfigurationList section */
	};
	rootObject = 91A6CDD81E7AFF6700D6C0C3 /* Project object */;
}
