// !$*UTF8*$!
{
	archiveVersion = 1;
	classes = {
	};
	objectVersion = 46;
	objects = {

/* Begin PBXBuildFile section */
		D9BA31161E6F25FE00AA5584 /* AppDelegate.swift in Sources */ = {isa = PBXBuildFile; fileRef = D9BA31151E6F25FE00AA5584 /* AppDelegate.swift */; };
		D9BA31181E6F25FE00AA5584 /* ViewController.swift in Sources */ = {isa = PBXBuildFile; fileRef = D9BA31171E6F25FE00AA5584 /* ViewController.swift */; };
		D9BA311B1E6F25FE00AA5584 /* Main.storyboard in Resources */ = {isa = PBXBuildFile; fileRef = D9BA31191E6F25FE00AA5584 /* Main.storyboard */; };
		D9BA311D1E6F25FE00AA5584 /* Assets.xcassets in Resources */ = {isa = PBXBuildFile; fileRef = D9BA311C1E6F25FE00AA5584 /* Assets.xcassets */; };
		D9BA31201E6F25FE00AA5584 /* LaunchScreen.storyboard in Resources */ = {isa = PBXBuildFile; fileRef = D9BA311E1E6F25FE00AA5584 /* LaunchScreen.storyboard */; };
		D9BA312B1E6F25FE00AA5584 /* _DA_EVA_2_TABLASTests.swift in Sources */ = {isa = PBXBuildFile; fileRef = D9BA312A1E6F25FE00AA5584 /* _DA_EVA_2_TABLASTests.swift */; };
		D9BA31361E6F25FE00AA5584 /* _DA_EVA_2_TABLASUITests.swift in Sources */ = {isa = PBXBuildFile; fileRef = D9BA31351E6F25FE00AA5584 /* _DA_EVA_2_TABLASUITests.swift */; };
/* End PBXBuildFile section */

/* Begin PBXContainerItemProxy section */
		D9BA31271E6F25FE00AA5584 /* PBXContainerItemProxy */ = {
			isa = PBXContainerItemProxy;
			containerPortal = D9BA310A1E6F25FE00AA5584 /* Project object */;
			proxyType = 1;
			remoteGlobalIDString = D9BA31111E6F25FE00AA5584;
			remoteInfo = 2DA_EVA_2_TABLAS;
		};
		D9BA31321E6F25FE00AA5584 /* PBXContainerItemProxy */ = {
			isa = PBXContainerItemProxy;
			containerPortal = D9BA310A1E6F25FE00AA5584 /* Project object */;
			proxyType = 1;
			remoteGlobalIDString = D9BA31111E6F25FE00AA5584;
			remoteInfo = 2DA_EVA_2_TABLAS;
		};
/* End PBXContainerItemProxy section */

/* Begin PBXFileReference section */
		D9BA31121E6F25FE00AA5584 /* 2DA_EVA_2_TABLAS.app */ = {isa = PBXFileReference; explicitFileType = wrapper.application; includeInIndex = 0; path = 2DA_EVA_2_TABLAS.app; sourceTree = BUILT_PRODUCTS_DIR; };
		D9BA31151E6F25FE00AA5584 /* AppDelegate.swift */ = {isa = PBXFileReference; lastKnownFileType = sourcecode.swift; path = AppDelegate.swift; sourceTree = "<group>"; };
		D9BA31171E6F25FE00AA5584 /* ViewController.swift */ = {isa = PBXFileReference; lastKnownFileType = sourcecode.swift; path = ViewController.swift; sourceTree = "<group>"; };
		D9BA311A1E6F25FE00AA5584 /* Base */ = {isa = PBXFileReference; lastKnownFileType = file.storyboard; name = Base; path = Base.lproj/Main.storyboard; sourceTree = "<group>"; };
		D9BA311C1E6F25FE00AA5584 /* Assets.xcassets */ = {isa = PBXFileReference; lastKnownFileType = folder.assetcatalog; path = Assets.xcassets; sourceTree = "<group>"; };
		D9BA311F1E6F25FE00AA5584 /* Base */ = {isa = PBXFileReference; lastKnownFileType = file.storyboard; name = Base; path = Base.lproj/LaunchScreen.storyboard; sourceTree = "<group>"; };
		D9BA31211E6F25FE00AA5584 /* Info.plist */ = {isa = PBXFileReference; lastKnownFileType = text.plist.xml; path = Info.plist; sourceTree = "<group>"; };
		D9BA31261E6F25FE00AA5584 /* 2DA_EVA_2_TABLASTests.xctest */ = {isa = PBXFileReference; explicitFileType = wrapper.cfbundle; includeInIndex = 0; path = 2DA_EVA_2_TABLASTests.xctest; sourceTree = BUILT_PRODUCTS_DIR; };
		D9BA312A1E6F25FE00AA5584 /* _DA_EVA_2_TABLASTests.swift */ = {isa = PBXFileReference; lastKnownFileType = sourcecode.swift; path = _DA_EVA_2_TABLASTests.swift; sourceTree = "<group>"; };
		D9BA312C1E6F25FE00AA5584 /* Info.plist */ = {isa = PBXFileReference; lastKnownFileType = text.plist.xml; path = Info.plist; sourceTree = "<group>"; };
		D9BA31311E6F25FE00AA5584 /* 2DA_EVA_2_TABLASUITests.xctest */ = {isa = PBXFileReference; explicitFileType = wrapper.cfbundle; includeInIndex = 0; path = 2DA_EVA_2_TABLASUITests.xctest; sourceTree = BUILT_PRODUCTS_DIR; };
		D9BA31351E6F25FE00AA5584 /* _DA_EVA_2_TABLASUITests.swift */ = {isa = PBXFileReference; lastKnownFileType = sourcecode.swift; path = _DA_EVA_2_TABLASUITests.swift; sourceTree = "<group>"; };
		D9BA31371E6F25FE00AA5584 /* Info.plist */ = {isa = PBXFileReference; lastKnownFileType = text.plist.xml; path = Info.plist; sourceTree = "<group>"; };
/* End PBXFileReference section */

/* Begin PBXFrameworksBuildPhase section */
		D9BA310F1E6F25FE00AA5584 /* Frameworks */ = {
			isa = PBXFrameworksBuildPhase;
			buildActionMask = 2147483647;
			files = (
			);
			runOnlyForDeploymentPostprocessing = 0;
		};
		D9BA31231E6F25FE00AA5584 /* Frameworks */ = {
			isa = PBXFrameworksBuildPhase;
			buildActionMask = 2147483647;
			files = (
			);
			runOnlyForDeploymentPostprocessing = 0;
		};
		D9BA312E1E6F25FE00AA5584 /* Frameworks */ = {
			isa = PBXFrameworksBuildPhase;
			buildActionMask = 2147483647;
			files = (
			);
			runOnlyForDeploymentPostprocessing = 0;
		};
/* End PBXFrameworksBuildPhase section */

/* Begin PBXGroup section */
		D9BA31091E6F25FE00AA5584 = {
			isa = PBXGroup;
			children = (
				D9BA31141E6F25FE00AA5584 /* 2DA_EVA_2_TABLAS */,
				D9BA31291E6F25FE00AA5584 /* 2DA_EVA_2_TABLASTests */,
				D9BA31341E6F25FE00AA5584 /* 2DA_EVA_2_TABLASUITests */,
				D9BA31131E6F25FE00AA5584 /* Products */,
			);
			sourceTree = "<group>";
		};
		D9BA31131E6F25FE00AA5584 /* Products */ = {
			isa = PBXGroup;
			children = (
				D9BA31121E6F25FE00AA5584 /* 2DA_EVA_2_TABLAS.app */,
				D9BA31261E6F25FE00AA5584 /* 2DA_EVA_2_TABLASTests.xctest */,
				D9BA31311E6F25FE00AA5584 /* 2DA_EVA_2_TABLASUITests.xctest */,
			);
			name = Products;
			sourceTree = "<group>";
		};
		D9BA31141E6F25FE00AA5584 /* 2DA_EVA_2_TABLAS */ = {
			isa = PBXGroup;
			children = (
				D9BA31151E6F25FE00AA5584 /* AppDelegate.swift */,
				D9BA31171E6F25FE00AA5584 /* ViewController.swift */,
				D9BA31191E6F25FE00AA5584 /* Main.storyboard */,
				D9BA311C1E6F25FE00AA5584 /* Assets.xcassets */,
				D9BA311E1E6F25FE00AA5584 /* LaunchScreen.storyboard */,
				D9BA31211E6F25FE00AA5584 /* Info.plist */,
			);
			path = 2DA_EVA_2_TABLAS;
			sourceTree = "<group>";
		};
		D9BA31291E6F25FE00AA5584 /* 2DA_EVA_2_TABLASTests */ = {
			isa = PBXGroup;
			children = (
				D9BA312A1E6F25FE00AA5584 /* _DA_EVA_2_TABLASTests.swift */,
				D9BA312C1E6F25FE00AA5584 /* Info.plist */,
			);
			path = 2DA_EVA_2_TABLASTests;
			sourceTree = "<group>";
		};
		D9BA31341E6F25FE00AA5584 /* 2DA_EVA_2_TABLASUITests */ = {
			isa = PBXGroup;
			children = (
				D9BA31351E6F25FE00AA5584 /* _DA_EVA_2_TABLASUITests.swift */,
				D9BA31371E6F25FE00AA5584 /* Info.plist */,
			);
			path = 2DA_EVA_2_TABLASUITests;
			sourceTree = "<group>";
		};
/* End PBXGroup section */

/* Begin PBXNativeTarget section */
		D9BA31111E6F25FE00AA5584 /* 2DA_EVA_2_TABLAS */ = {
			isa = PBXNativeTarget;
			buildConfigurationList = D9BA313A1E6F25FE00AA5584 /* Build configuration list for PBXNativeTarget "2DA_EVA_2_TABLAS" */;
			buildPhases = (
				D9BA310E1E6F25FE00AA5584 /* Sources */,
				D9BA310F1E6F25FE00AA5584 /* Frameworks */,
				D9BA31101E6F25FE00AA5584 /* Resources */,
			);
			buildRules = (
			);
			dependencies = (
			);
			name = 2DA_EVA_2_TABLAS;
			productName = 2DA_EVA_2_TABLAS;
			productReference = D9BA31121E6F25FE00AA5584 /* 2DA_EVA_2_TABLAS.app */;
			productType = "com.apple.product-type.application";
		};
		D9BA31251E6F25FE00AA5584 /* 2DA_EVA_2_TABLASTests */ = {
			isa = PBXNativeTarget;
			buildConfigurationList = D9BA313D1E6F25FE00AA5584 /* Build configuration list for PBXNativeTarget "2DA_EVA_2_TABLASTests" */;
			buildPhases = (
				D9BA31221E6F25FE00AA5584 /* Sources */,
				D9BA31231E6F25FE00AA5584 /* Frameworks */,
				D9BA31241E6F25FE00AA5584 /* Resources */,
			);
			buildRules = (
			);
			dependencies = (
				D9BA31281E6F25FE00AA5584 /* PBXTargetDependency */,
			);
			name = 2DA_EVA_2_TABLASTests;
			productName = 2DA_EVA_2_TABLASTests;
			productReference = D9BA31261E6F25FE00AA5584 /* 2DA_EVA_2_TABLASTests.xctest */;
			productType = "com.apple.product-type.bundle.unit-test";
		};
		D9BA31301E6F25FE00AA5584 /* 2DA_EVA_2_TABLASUITests */ = {
			isa = PBXNativeTarget;
			buildConfigurationList = D9BA31401E6F25FE00AA5584 /* Build configuration list for PBXNativeTarget "2DA_EVA_2_TABLASUITests" */;
			buildPhases = (
				D9BA312D1E6F25FE00AA5584 /* Sources */,
				D9BA312E1E6F25FE00AA5584 /* Frameworks */,
				D9BA312F1E6F25FE00AA5584 /* Resources */,
			);
			buildRules = (
			);
			dependencies = (
				D9BA31331E6F25FE00AA5584 /* PBXTargetDependency */,
			);
			name = 2DA_EVA_2_TABLASUITests;
			productName = 2DA_EVA_2_TABLASUITests;
			productReference = D9BA31311E6F25FE00AA5584 /* 2DA_EVA_2_TABLASUITests.xctest */;
			productType = "com.apple.product-type.bundle.ui-testing";
		};
/* End PBXNativeTarget section */

/* Begin PBXProject section */
		D9BA310A1E6F25FE00AA5584 /* Project object */ = {
			isa = PBXProject;
			attributes = {
				LastSwiftUpdateCheck = 0730;
				LastUpgradeCheck = 0730;
				ORGANIZATIONNAME = LEONARDO;
				TargetAttributes = {
					D9BA31111E6F25FE00AA5584 = {
						CreatedOnToolsVersion = 7.3.1;
					};
					D9BA31251E6F25FE00AA5584 = {
						CreatedOnToolsVersion = 7.3.1;
						TestTargetID = D9BA31111E6F25FE00AA5584;
					};
					D9BA31301E6F25FE00AA5584 = {
						CreatedOnToolsVersion = 7.3.1;
						TestTargetID = D9BA31111E6F25FE00AA5584;
					};
				};
			};
			buildConfigurationList = D9BA310D1E6F25FE00AA5584 /* Build configuration list for PBXProject "2DA_EVA_2_TABLAS" */;
			compatibilityVersion = "Xcode 3.2";
			developmentRegion = English;
			hasScannedForEncodings = 0;
			knownRegions = (
				en,
				Base,
			);
			mainGroup = D9BA31091E6F25FE00AA5584;
			productRefGroup = D9BA31131E6F25FE00AA5584 /* Products */;
			projectDirPath = "";
			projectRoot = "";
			targets = (
				D9BA31111E6F25FE00AA5584 /* 2DA_EVA_2_TABLAS */,
				D9BA31251E6F25FE00AA5584 /* 2DA_EVA_2_TABLASTests */,
				D9BA31301E6F25FE00AA5584 /* 2DA_EVA_2_TABLASUITests */,
			);
		};
/* End PBXProject section */

/* Begin PBXResourcesBuildPhase section */
		D9BA31101E6F25FE00AA5584 /* Resources */ = {
			isa = PBXResourcesBuildPhase;
			buildActionMask = 2147483647;
			files = (
				D9BA31201E6F25FE00AA5584 /* LaunchScreen.storyboard in Resources */,
				D9BA311D1E6F25FE00AA5584 /* Assets.xcassets in Resources */,
				D9BA311B1E6F25FE00AA5584 /* Main.storyboard in Resources */,
			);
			runOnlyForDeploymentPostprocessing = 0;
		};
		D9BA31241E6F25FE00AA5584 /* Resources */ = {
			isa = PBXResourcesBuildPhase;
			buildActionMask = 2147483647;
			files = (
			);
			runOnlyForDeploymentPostprocessing = 0;
		};
		D9BA312F1E6F25FE00AA5584 /* Resources */ = {
			isa = PBXResourcesBuildPhase;
			buildActionMask = 2147483647;
			files = (
			);
			runOnlyForDeploymentPostprocessing = 0;
		};
/* End PBXResourcesBuildPhase section */

/* Begin PBXSourcesBuildPhase section */
		D9BA310E1E6F25FE00AA5584 /* Sources */ = {
			isa = PBXSourcesBuildPhase;
			buildActionMask = 2147483647;
			files = (
				D9BA31181E6F25FE00AA5584 /* ViewController.swift in Sources */,
				D9BA31161E6F25FE00AA5584 /* AppDelegate.swift in Sources */,
			);
			runOnlyForDeploymentPostprocessing = 0;
		};
		D9BA31221E6F25FE00AA5584 /* Sources */ = {
			isa = PBXSourcesBuildPhase;
			buildActionMask = 2147483647;
			files = (
				D9BA312B1E6F25FE00AA5584 /* _DA_EVA_2_TABLASTests.swift in Sources */,
			);
			runOnlyForDeploymentPostprocessing = 0;
		};
		D9BA312D1E6F25FE00AA5584 /* Sources */ = {
			isa = PBXSourcesBuildPhase;
			buildActionMask = 2147483647;
			files = (
				D9BA31361E6F25FE00AA5584 /* _DA_EVA_2_TABLASUITests.swift in Sources */,
			);
			runOnlyForDeploymentPostprocessing = 0;
		};
/* End PBXSourcesBuildPhase section */

/* Begin PBXTargetDependency section */
		D9BA31281E6F25FE00AA5584 /* PBXTargetDependency */ = {
			isa = PBXTargetDependency;
			target = D9BA31111E6F25FE00AA5584 /* 2DA_EVA_2_TABLAS */;
			targetProxy = D9BA31271E6F25FE00AA5584 /* PBXContainerItemProxy */;
		};
		D9BA31331E6F25FE00AA5584 /* PBXTargetDependency */ = {
			isa = PBXTargetDependency;
			target = D9BA31111E6F25FE00AA5584 /* 2DA_EVA_2_TABLAS */;
			targetProxy = D9BA31321E6F25FE00AA5584 /* PBXContainerItemProxy */;
		};
/* End PBXTargetDependency section */

/* Begin PBXVariantGroup section */
		D9BA31191E6F25FE00AA5584 /* Main.storyboard */ = {
			isa = PBXVariantGroup;
			children = (
				D9BA311A1E6F25FE00AA5584 /* Base */,
			);
			name = Main.storyboard;
			sourceTree = "<group>";
		};
		D9BA311E1E6F25FE00AA5584 /* LaunchScreen.storyboard */ = {
			isa = PBXVariantGroup;
			children = (
				D9BA311F1E6F25FE00AA5584 /* Base */,
			);
			name = LaunchScreen.storyboard;
			sourceTree = "<group>";
		};
/* End PBXVariantGroup section */

/* Begin XCBuildConfiguration section */
		D9BA31381E6F25FE00AA5584 /* Debug */ = {
			isa = XCBuildConfiguration;
			buildSettings = {
				ALWAYS_SEARCH_USER_PATHS = NO;
				CLANG_ANALYZER_NONNULL = YES;
				CLANG_CXX_LANGUAGE_STANDARD = "gnu++0x";
				CLANG_CXX_LIBRARY = "libc++";
				CLANG_ENABLE_MODULES = YES;
				CLANG_ENABLE_OBJC_ARC = YES;
				CLANG_WARN_BOOL_CONVERSION = YES;
				CLANG_WARN_CONSTANT_CONVERSION = YES;
				CLANG_WARN_DIRECT_OBJC_ISA_USAGE = YES_ERROR;
				CLANG_WARN_EMPTY_BODY = YES;
				CLANG_WARN_ENUM_CONVERSION = YES;
				CLANG_WARN_INT_CONVERSION = YES;
				CLANG_WARN_OBJC_ROOT_CLASS = YES_ERROR;
				CLANG_WARN_UNREACHABLE_CODE = YES;
				CLANG_WARN__DUPLICATE_METHOD_MATCH = YES;
				"CODE_SIGN_IDENTITY[sdk=iphoneos*]" = "iPhone Developer";
				COPY_PHASE_STRIP = NO;
				DEBUG_INFORMATION_FORMAT = dwarf;
				ENABLE_STRICT_OBJC_MSGSEND = YES;
				ENABLE_TESTABILITY = YES;
				GCC_C_LANGUAGE_STANDARD = gnu99;
				GCC_DYNAMIC_NO_PIC = NO;
				GCC_NO_COMMON_BLOCKS = YES;
				GCC_OPTIMIZATION_LEVEL = 0;
				GCC_PREPROCESSOR_DEFINITIONS = (
					"DEBUG=1",
					"$(inherited)",
				);
				GCC_WARN_64_TO_32_BIT_CONVERSION = YES;
				GCC_WARN_ABOUT_RETURN_TYPE = YES_ERROR;
				GCC_WARN_UNDECLARED_SELECTOR = YES;
				GCC_WARN_UNINITIALIZED_AUTOS = YES_AGGRESSIVE;
				GCC_WARN_UNUSED_FUNCTION = YES;
				GCC_WARN_UNUSED_VARIABLE = YES;
				IPHONEOS_DEPLOYMENT_TARGET = 9.3;
				MTL_ENABLE_DEBUG_INFO = YES;
				ONLY_ACTIVE_ARCH = YES;
				SDKROOT = iphoneos;
				SWIFT_OPTIMIZATION_LEVEL = "-Onone";
				TARGETED_DEVICE_FAMILY = "1,2";
			};
			name = Debug;
		};
		D9BA31391E6F25FE00AA5584 /* Release */ = {
			isa = XCBuildConfiguration;
			buildSettings = {
				ALWAYS_SEARCH_USER_PATHS = NO;
				CLANG_ANALYZER_NONNULL = YES;
				CLANG_CXX_LANGUAGE_STANDARD = "gnu++0x";
				CLANG_CXX_LIBRARY = "libc++";
				CLANG_ENABLE_MODULES = YES;
				CLANG_ENABLE_OBJC_ARC = YES;
				CLANG_WARN_BOOL_CONVERSION = YES;
				CLANG_WARN_CONSTANT_CONVERSION = YES;
				CLANG_WARN_DIRECT_OBJC_ISA_USAGE = YES_ERROR;
				CLANG_WARN_EMPTY_BODY = YES;
				CLANG_WARN_ENUM_CONVERSION = YES;
				CLANG_WARN_INT_CONVERSION = YES;
				CLANG_WARN_OBJC_ROOT_CLASS = YES_ERROR;
				CLANG_WARN_UNREACHABLE_CODE = YES;
				CLANG_WARN__DUPLICATE_METHOD_MATCH = YES;
				"CODE_SIGN_IDENTITY[sdk=iphoneos*]" = "iPhone Developer";
				COPY_PHASE_STRIP = NO;
				DEBUG_INFORMATION_FORMAT = "dwarf-with-dsym";
				ENABLE_NS_ASSERTIONS = NO;
				ENABLE_STRICT_OBJC_MSGSEND = YES;
				GCC_C_LANGUAGE_STANDARD = gnu99;
				GCC_NO_COMMON_BLOCKS = YES;
				GCC_WARN_64_TO_32_BIT_CONVERSION = YES;
				GCC_WARN_ABOUT_RETURN_TYPE = YES_ERROR;
				GCC_WARN_UNDECLARED_SELECTOR = YES;
				GCC_WARN_UNINITIALIZED_AUTOS = YES_AGGRESSIVE;
				GCC_WARN_UNUSED_FUNCTION = YES;
				GCC_WARN_UNUSED_VARIABLE = YES;
				IPHONEOS_DEPLOYMENT_TARGET = 9.3;
				MTL_ENABLE_DEBUG_INFO = NO;
				SDKROOT = iphoneos;
				TARGETED_DEVICE_FAMILY = "1,2";
				VALIDATE_PRODUCT = YES;
			};
			name = Release;
		};
		D9BA313B1E6F25FE00AA5584 /* Debug */ = {
			isa = XCBuildConfiguration;
			buildSettings = {
				ASSETCATALOG_COMPILER_APPICON_NAME = AppIcon;
				INFOPLIST_FILE = 2DA_EVA_2_TABLAS/Info.plist;
				LD_RUNPATH_SEARCH_PATHS = "$(inherited) @executable_path/Frameworks";
				PRODUCT_BUNDLE_IDENTIFIER = "com.leonardo.-DA-EVA-2-TABLAS";
				PRODUCT_NAME = "$(TARGET_NAME)";
			};
			name = Debug;
		};
		D9BA313C1E6F25FE00AA5584 /* Release */ = {
			isa = XCBuildConfiguration;
			buildSettings = {
				ASSETCATALOG_COMPILER_APPICON_NAME = AppIcon;
				INFOPLIST_FILE = 2DA_EVA_2_TABLAS/Info.plist;
				LD_RUNPATH_SEARCH_PATHS = "$(inherited) @executable_path/Frameworks";
				PRODUCT_BUNDLE_IDENTIFIER = "com.leonardo.-DA-EVA-2-TABLAS";
				PRODUCT_NAME = "$(TARGET_NAME)";
			};
			name = Release;
		};
		D9BA313E1E6F25FE00AA5584 /* Debug */ = {
			isa = XCBuildConfiguration;
			buildSettings = {
				BUNDLE_LOADER = "$(TEST_HOST)";
				INFOPLIST_FILE = 2DA_EVA_2_TABLASTests/Info.plist;
				LD_RUNPATH_SEARCH_PATHS = "$(inherited) @executable_path/Frameworks @loader_path/Frameworks";
				PRODUCT_BUNDLE_IDENTIFIER = "com.leonardo.-DA-EVA-2-TABLASTests";
				PRODUCT_NAME = "$(TARGET_NAME)";
				TEST_HOST = "$(BUILT_PRODUCTS_DIR)/2DA_EVA_2_TABLAS.app/2DA_EVA_2_TABLAS";
			};
			name = Debug;
		};
		D9BA313F1E6F25FE00AA5584 /* Release */ = {
			isa = XCBuildConfiguration;
			buildSettings = {
				BUNDLE_LOADER = "$(TEST_HOST)";
				INFOPLIST_FILE = 2DA_EVA_2_TABLASTests/Info.plist;
				LD_RUNPATH_SEARCH_PATHS = "$(inherited) @executable_path/Frameworks @loader_path/Frameworks";
				PRODUCT_BUNDLE_IDENTIFIER = "com.leonardo.-DA-EVA-2-TABLASTests";
				PRODUCT_NAME = "$(TARGET_NAME)";
				TEST_HOST = "$(BUILT_PRODUCTS_DIR)/2DA_EVA_2_TABLAS.app/2DA_EVA_2_TABLAS";
			};
			name = Release;
		};
		D9BA31411E6F25FE00AA5584 /* Debug */ = {
			isa = XCBuildConfiguration;
			buildSettings = {
				INFOPLIST_FILE = 2DA_EVA_2_TABLASUITests/Info.plist;
				LD_RUNPATH_SEARCH_PATHS = "$(inherited) @executable_path/Frameworks @loader_path/Frameworks";
				PRODUCT_BUNDLE_IDENTIFIER = "com.leonardo.-DA-EVA-2-TABLASUITests";
				PRODUCT_NAME = "$(TARGET_NAME)";
				TEST_TARGET_NAME = 2DA_EVA_2_TABLAS;
			};
			name = Debug;
		};
		D9BA31421E6F25FE00AA5584 /* Release */ = {
			isa = XCBuildConfiguration;
			buildSettings = {
				INFOPLIST_FILE = 2DA_EVA_2_TABLASUITests/Info.plist;
				LD_RUNPATH_SEARCH_PATHS = "$(inherited) @executable_path/Frameworks @loader_path/Frameworks";
				PRODUCT_BUNDLE_IDENTIFIER = "com.leonardo.-DA-EVA-2-TABLASUITests";
				PRODUCT_NAME = "$(TARGET_NAME)";
				TEST_TARGET_NAME = 2DA_EVA_2_TABLAS;
			};
			name = Release;
		};
/* End XCBuildConfiguration section */

/* Begin XCConfigurationList section */
		D9BA310D1E6F25FE00AA5584 /* Build configuration list for PBXProject "2DA_EVA_2_TABLAS" */ = {
			isa = XCConfigurationList;
			buildConfigurations = (
				D9BA31381E6F25FE00AA5584 /* Debug */,
				D9BA31391E6F25FE00AA5584 /* Release */,
			);
			defaultConfigurationIsVisible = 0;
			defaultConfigurationName = Release;
		};
		D9BA313A1E6F25FE00AA5584 /* Build configuration list for PBXNativeTarget "2DA_EVA_2_TABLAS" */ = {
			isa = XCConfigurationList;
			buildConfigurations = (
				D9BA313B1E6F25FE00AA5584 /* Debug */,
				D9BA313C1E6F25FE00AA5584 /* Release */,
			);
			defaultConfigurationIsVisible = 0;
		};
		D9BA313D1E6F25FE00AA5584 /* Build configuration list for PBXNativeTarget "2DA_EVA_2_TABLASTests" */ = {
			isa = XCConfigurationList;
			buildConfigurations = (
				D9BA313E1E6F25FE00AA5584 /* Debug */,
				D9BA313F1E6F25FE00AA5584 /* Release */,
			);
			defaultConfigurationIsVisible = 0;
		};
		D9BA31401E6F25FE00AA5584 /* Build configuration list for PBXNativeTarget "2DA_EVA_2_TABLASUITests" */ = {
			isa = XCConfigurationList;
			buildConfigurations = (
				D9BA31411E6F25FE00AA5584 /* Debug */,
				D9BA31421E6F25FE00AA5584 /* Release */,
			);
			defaultConfigurationIsVisible = 0;
		};
/* End XCConfigurationList section */
	};
	rootObject = D9BA310A1E6F25FE00AA5584 /* Project object */;
}
