// !$*UTF8*$!
{
	archiveVersion = 1;
	classes = {
	};
	objectVersion = 46;
	objects = {

/* Begin PBXBuildFile section */
		D9C54DB71E6F2119000F0D36 /* AppDelegate.swift in Sources */ = {isa = PBXBuildFile; fileRef = D9C54DB61E6F2119000F0D36 /* AppDelegate.swift */; };
		D9C54DB91E6F2119000F0D36 /* ViewController.swift in Sources */ = {isa = PBXBuildFile; fileRef = D9C54DB81E6F2119000F0D36 /* ViewController.swift */; };
		D9C54DBC1E6F2119000F0D36 /* Main.storyboard in Resources */ = {isa = PBXBuildFile; fileRef = D9C54DBA1E6F2119000F0D36 /* Main.storyboard */; };
		D9C54DBE1E6F2119000F0D36 /* Assets.xcassets in Resources */ = {isa = PBXBuildFile; fileRef = D9C54DBD1E6F2119000F0D36 /* Assets.xcassets */; };
		D9C54DC11E6F2119000F0D36 /* LaunchScreen.storyboard in Resources */ = {isa = PBXBuildFile; fileRef = D9C54DBF1E6F2119000F0D36 /* LaunchScreen.storyboard */; };
		D9C54DCC1E6F2119000F0D36 /* _DA_EVA_1_CICLO_VIDATests.swift in Sources */ = {isa = PBXBuildFile; fileRef = D9C54DCB1E6F2119000F0D36 /* _DA_EVA_1_CICLO_VIDATests.swift */; };
		D9C54DD71E6F2119000F0D36 /* _DA_EVA_1_CICLO_VIDAUITests.swift in Sources */ = {isa = PBXBuildFile; fileRef = D9C54DD61E6F2119000F0D36 /* _DA_EVA_1_CICLO_VIDAUITests.swift */; };
/* End PBXBuildFile section */

/* Begin PBXContainerItemProxy section */
		D9C54DC81E6F2119000F0D36 /* PBXContainerItemProxy */ = {
			isa = PBXContainerItemProxy;
			containerPortal = D9C54DAB1E6F2119000F0D36 /* Project object */;
			proxyType = 1;
			remoteGlobalIDString = D9C54DB21E6F2119000F0D36;
			remoteInfo = 2DA_EVA_1_CICLO_VIDA;
		};
		D9C54DD31E6F2119000F0D36 /* PBXContainerItemProxy */ = {
			isa = PBXContainerItemProxy;
			containerPortal = D9C54DAB1E6F2119000F0D36 /* Project object */;
			proxyType = 1;
			remoteGlobalIDString = D9C54DB21E6F2119000F0D36;
			remoteInfo = 2DA_EVA_1_CICLO_VIDA;
		};
/* End PBXContainerItemProxy section */

/* Begin PBXFileReference section */
		D9C54DB31E6F2119000F0D36 /* 2DA_EVA_1_CICLO_VIDA.app */ = {isa = PBXFileReference; explicitFileType = wrapper.application; includeInIndex = 0; path = 2DA_EVA_1_CICLO_VIDA.app; sourceTree = BUILT_PRODUCTS_DIR; };
		D9C54DB61E6F2119000F0D36 /* AppDelegate.swift */ = {isa = PBXFileReference; lastKnownFileType = sourcecode.swift; path = AppDelegate.swift; sourceTree = "<group>"; };
		D9C54DB81E6F2119000F0D36 /* ViewController.swift */ = {isa = PBXFileReference; lastKnownFileType = sourcecode.swift; path = ViewController.swift; sourceTree = "<group>"; };
		D9C54DBB1E6F2119000F0D36 /* Base */ = {isa = PBXFileReference; lastKnownFileType = file.storyboard; name = Base; path = Base.lproj/Main.storyboard; sourceTree = "<group>"; };
		D9C54DBD1E6F2119000F0D36 /* Assets.xcassets */ = {isa = PBXFileReference; lastKnownFileType = folder.assetcatalog; path = Assets.xcassets; sourceTree = "<group>"; };
		D9C54DC01E6F2119000F0D36 /* Base */ = {isa = PBXFileReference; lastKnownFileType = file.storyboard; name = Base; path = Base.lproj/LaunchScreen.storyboard; sourceTree = "<group>"; };
		D9C54DC21E6F2119000F0D36 /* Info.plist */ = {isa = PBXFileReference; lastKnownFileType = text.plist.xml; path = Info.plist; sourceTree = "<group>"; };
		D9C54DC71E6F2119000F0D36 /* 2DA_EVA_1_CICLO_VIDATests.xctest */ = {isa = PBXFileReference; explicitFileType = wrapper.cfbundle; includeInIndex = 0; path = 2DA_EVA_1_CICLO_VIDATests.xctest; sourceTree = BUILT_PRODUCTS_DIR; };
		D9C54DCB1E6F2119000F0D36 /* _DA_EVA_1_CICLO_VIDATests.swift */ = {isa = PBXFileReference; lastKnownFileType = sourcecode.swift; path = _DA_EVA_1_CICLO_VIDATests.swift; sourceTree = "<group>"; };
		D9C54DCD1E6F2119000F0D36 /* Info.plist */ = {isa = PBXFileReference; lastKnownFileType = text.plist.xml; path = Info.plist; sourceTree = "<group>"; };
		D9C54DD21E6F2119000F0D36 /* 2DA_EVA_1_CICLO_VIDAUITests.xctest */ = {isa = PBXFileReference; explicitFileType = wrapper.cfbundle; includeInIndex = 0; path = 2DA_EVA_1_CICLO_VIDAUITests.xctest; sourceTree = BUILT_PRODUCTS_DIR; };
		D9C54DD61E6F2119000F0D36 /* _DA_EVA_1_CICLO_VIDAUITests.swift */ = {isa = PBXFileReference; lastKnownFileType = sourcecode.swift; path = _DA_EVA_1_CICLO_VIDAUITests.swift; sourceTree = "<group>"; };
		D9C54DD81E6F2119000F0D36 /* Info.plist */ = {isa = PBXFileReference; lastKnownFileType = text.plist.xml; path = Info.plist; sourceTree = "<group>"; };
/* End PBXFileReference section */

/* Begin PBXFrameworksBuildPhase section */
		D9C54DB01E6F2119000F0D36 /* Frameworks */ = {
			isa = PBXFrameworksBuildPhase;
			buildActionMask = 2147483647;
			files = (
			);
			runOnlyForDeploymentPostprocessing = 0;
		};
		D9C54DC41E6F2119000F0D36 /* Frameworks */ = {
			isa = PBXFrameworksBuildPhase;
			buildActionMask = 2147483647;
			files = (
			);
			runOnlyForDeploymentPostprocessing = 0;
		};
		D9C54DCF1E6F2119000F0D36 /* Frameworks */ = {
			isa = PBXFrameworksBuildPhase;
			buildActionMask = 2147483647;
			files = (
			);
			runOnlyForDeploymentPostprocessing = 0;
		};
/* End PBXFrameworksBuildPhase section */

/* Begin PBXGroup section */
		D9C54DAA1E6F2119000F0D36 = {
			isa = PBXGroup;
			children = (
				D9C54DB51E6F2119000F0D36 /* 2DA_EVA_1_CICLO_VIDA */,
				D9C54DCA1E6F2119000F0D36 /* 2DA_EVA_1_CICLO_VIDATests */,
				D9C54DD51E6F2119000F0D36 /* 2DA_EVA_1_CICLO_VIDAUITests */,
				D9C54DB41E6F2119000F0D36 /* Products */,
			);
			sourceTree = "<group>";
		};
		D9C54DB41E6F2119000F0D36 /* Products */ = {
			isa = PBXGroup;
			children = (
				D9C54DB31E6F2119000F0D36 /* 2DA_EVA_1_CICLO_VIDA.app */,
				D9C54DC71E6F2119000F0D36 /* 2DA_EVA_1_CICLO_VIDATests.xctest */,
				D9C54DD21E6F2119000F0D36 /* 2DA_EVA_1_CICLO_VIDAUITests.xctest */,
			);
			name = Products;
			sourceTree = "<group>";
		};
		D9C54DB51E6F2119000F0D36 /* 2DA_EVA_1_CICLO_VIDA */ = {
			isa = PBXGroup;
			children = (
				D9C54DB61E6F2119000F0D36 /* AppDelegate.swift */,
				D9C54DB81E6F2119000F0D36 /* ViewController.swift */,
				D9C54DBA1E6F2119000F0D36 /* Main.storyboard */,
				D9C54DBD1E6F2119000F0D36 /* Assets.xcassets */,
				D9C54DBF1E6F2119000F0D36 /* LaunchScreen.storyboard */,
				D9C54DC21E6F2119000F0D36 /* Info.plist */,
			);
			path = 2DA_EVA_1_CICLO_VIDA;
			sourceTree = "<group>";
		};
		D9C54DCA1E6F2119000F0D36 /* 2DA_EVA_1_CICLO_VIDATests */ = {
			isa = PBXGroup;
			children = (
				D9C54DCB1E6F2119000F0D36 /* _DA_EVA_1_CICLO_VIDATests.swift */,
				D9C54DCD1E6F2119000F0D36 /* Info.plist */,
			);
			path = 2DA_EVA_1_CICLO_VIDATests;
			sourceTree = "<group>";
		};
		D9C54DD51E6F2119000F0D36 /* 2DA_EVA_1_CICLO_VIDAUITests */ = {
			isa = PBXGroup;
			children = (
				D9C54DD61E6F2119000F0D36 /* _DA_EVA_1_CICLO_VIDAUITests.swift */,
				D9C54DD81E6F2119000F0D36 /* Info.plist */,
			);
			path = 2DA_EVA_1_CICLO_VIDAUITests;
			sourceTree = "<group>";
		};
/* End PBXGroup section */

/* Begin PBXNativeTarget section */
		D9C54DB21E6F2119000F0D36 /* 2DA_EVA_1_CICLO_VIDA */ = {
			isa = PBXNativeTarget;
			buildConfigurationList = D9C54DDB1E6F2119000F0D36 /* Build configuration list for PBXNativeTarget "2DA_EVA_1_CICLO_VIDA" */;
			buildPhases = (
				D9C54DAF1E6F2119000F0D36 /* Sources */,
				D9C54DB01E6F2119000F0D36 /* Frameworks */,
				D9C54DB11E6F2119000F0D36 /* Resources */,
			);
			buildRules = (
			);
			dependencies = (
			);
			name = 2DA_EVA_1_CICLO_VIDA;
			productName = 2DA_EVA_1_CICLO_VIDA;
			productReference = D9C54DB31E6F2119000F0D36 /* 2DA_EVA_1_CICLO_VIDA.app */;
			productType = "com.apple.product-type.application";
		};
		D9C54DC61E6F2119000F0D36 /* 2DA_EVA_1_CICLO_VIDATests */ = {
			isa = PBXNativeTarget;
			buildConfigurationList = D9C54DDE1E6F2119000F0D36 /* Build configuration list for PBXNativeTarget "2DA_EVA_1_CICLO_VIDATests" */;
			buildPhases = (
				D9C54DC31E6F2119000F0D36 /* Sources */,
				D9C54DC41E6F2119000F0D36 /* Frameworks */,
				D9C54DC51E6F2119000F0D36 /* Resources */,
			);
			buildRules = (
			);
			dependencies = (
				D9C54DC91E6F2119000F0D36 /* PBXTargetDependency */,
			);
			name = 2DA_EVA_1_CICLO_VIDATests;
			productName = 2DA_EVA_1_CICLO_VIDATests;
			productReference = D9C54DC71E6F2119000F0D36 /* 2DA_EVA_1_CICLO_VIDATests.xctest */;
			productType = "com.apple.product-type.bundle.unit-test";
		};
		D9C54DD11E6F2119000F0D36 /* 2DA_EVA_1_CICLO_VIDAUITests */ = {
			isa = PBXNativeTarget;
			buildConfigurationList = D9C54DE11E6F2119000F0D36 /* Build configuration list for PBXNativeTarget "2DA_EVA_1_CICLO_VIDAUITests" */;
			buildPhases = (
				D9C54DCE1E6F2119000F0D36 /* Sources */,
				D9C54DCF1E6F2119000F0D36 /* Frameworks */,
				D9C54DD01E6F2119000F0D36 /* Resources */,
			);
			buildRules = (
			);
			dependencies = (
				D9C54DD41E6F2119000F0D36 /* PBXTargetDependency */,
			);
			name = 2DA_EVA_1_CICLO_VIDAUITests;
			productName = 2DA_EVA_1_CICLO_VIDAUITests;
			productReference = D9C54DD21E6F2119000F0D36 /* 2DA_EVA_1_CICLO_VIDAUITests.xctest */;
			productType = "com.apple.product-type.bundle.ui-testing";
		};
/* End PBXNativeTarget section */

/* Begin PBXProject section */
		D9C54DAB1E6F2119000F0D36 /* Project object */ = {
			isa = PBXProject;
			attributes = {
				LastSwiftUpdateCheck = 0730;
				LastUpgradeCheck = 0730;
				ORGANIZATIONNAME = LEONARDO;
				TargetAttributes = {
					D9C54DB21E6F2119000F0D36 = {
						CreatedOnToolsVersion = 7.3.1;
					};
					D9C54DC61E6F2119000F0D36 = {
						CreatedOnToolsVersion = 7.3.1;
						TestTargetID = D9C54DB21E6F2119000F0D36;
					};
					D9C54DD11E6F2119000F0D36 = {
						CreatedOnToolsVersion = 7.3.1;
						TestTargetID = D9C54DB21E6F2119000F0D36;
					};
				};
			};
			buildConfigurationList = D9C54DAE1E6F2119000F0D36 /* Build configuration list for PBXProject "2DA_EVA_1_CICLO_VIDA" */;
			compatibilityVersion = "Xcode 3.2";
			developmentRegion = English;
			hasScannedForEncodings = 0;
			knownRegions = (
				en,
				Base,
			);
			mainGroup = D9C54DAA1E6F2119000F0D36;
			productRefGroup = D9C54DB41E6F2119000F0D36 /* Products */;
			projectDirPath = "";
			projectRoot = "";
			targets = (
				D9C54DB21E6F2119000F0D36 /* 2DA_EVA_1_CICLO_VIDA */,
				D9C54DC61E6F2119000F0D36 /* 2DA_EVA_1_CICLO_VIDATests */,
				D9C54DD11E6F2119000F0D36 /* 2DA_EVA_1_CICLO_VIDAUITests */,
			);
		};
/* End PBXProject section */

/* Begin PBXResourcesBuildPhase section */
		D9C54DB11E6F2119000F0D36 /* Resources */ = {
			isa = PBXResourcesBuildPhase;
			buildActionMask = 2147483647;
			files = (
				D9C54DC11E6F2119000F0D36 /* LaunchScreen.storyboard in Resources */,
				D9C54DBE1E6F2119000F0D36 /* Assets.xcassets in Resources */,
				D9C54DBC1E6F2119000F0D36 /* Main.storyboard in Resources */,
			);
			runOnlyForDeploymentPostprocessing = 0;
		};
		D9C54DC51E6F2119000F0D36 /* Resources */ = {
			isa = PBXResourcesBuildPhase;
			buildActionMask = 2147483647;
			files = (
			);
			runOnlyForDeploymentPostprocessing = 0;
		};
		D9C54DD01E6F2119000F0D36 /* Resources */ = {
			isa = PBXResourcesBuildPhase;
			buildActionMask = 2147483647;
			files = (
			);
			runOnlyForDeploymentPostprocessing = 0;
		};
/* End PBXResourcesBuildPhase section */

/* Begin PBXSourcesBuildPhase section */
		D9C54DAF1E6F2119000F0D36 /* Sources */ = {
			isa = PBXSourcesBuildPhase;
			buildActionMask = 2147483647;
			files = (
				D9C54DB91E6F2119000F0D36 /* ViewController.swift in Sources */,
				D9C54DB71E6F2119000F0D36 /* AppDelegate.swift in Sources */,
			);
			runOnlyForDeploymentPostprocessing = 0;
		};
		D9C54DC31E6F2119000F0D36 /* Sources */ = {
			isa = PBXSourcesBuildPhase;
			buildActionMask = 2147483647;
			files = (
				D9C54DCC1E6F2119000F0D36 /* _DA_EVA_1_CICLO_VIDATests.swift in Sources */,
			);
			runOnlyForDeploymentPostprocessing = 0;
		};
		D9C54DCE1E6F2119000F0D36 /* Sources */ = {
			isa = PBXSourcesBuildPhase;
			buildActionMask = 2147483647;
			files = (
				D9C54DD71E6F2119000F0D36 /* _DA_EVA_1_CICLO_VIDAUITests.swift in Sources */,
			);
			runOnlyForDeploymentPostprocessing = 0;
		};
/* End PBXSourcesBuildPhase section */

/* Begin PBXTargetDependency section */
		D9C54DC91E6F2119000F0D36 /* PBXTargetDependency */ = {
			isa = PBXTargetDependency;
			target = D9C54DB21E6F2119000F0D36 /* 2DA_EVA_1_CICLO_VIDA */;
			targetProxy = D9C54DC81E6F2119000F0D36 /* PBXContainerItemProxy */;
		};
		D9C54DD41E6F2119000F0D36 /* PBXTargetDependency */ = {
			isa = PBXTargetDependency;
			target = D9C54DB21E6F2119000F0D36 /* 2DA_EVA_1_CICLO_VIDA */;
			targetProxy = D9C54DD31E6F2119000F0D36 /* PBXContainerItemProxy */;
		};
/* End PBXTargetDependency section */

/* Begin PBXVariantGroup section */
		D9C54DBA1E6F2119000F0D36 /* Main.storyboard */ = {
			isa = PBXVariantGroup;
			children = (
				D9C54DBB1E6F2119000F0D36 /* Base */,
			);
			name = Main.storyboard;
			sourceTree = "<group>";
		};
		D9C54DBF1E6F2119000F0D36 /* LaunchScreen.storyboard */ = {
			isa = PBXVariantGroup;
			children = (
				D9C54DC01E6F2119000F0D36 /* Base */,
			);
			name = LaunchScreen.storyboard;
			sourceTree = "<group>";
		};
/* End PBXVariantGroup section */

/* Begin XCBuildConfiguration section */
		D9C54DD91E6F2119000F0D36 /* Debug */ = {
			isa = XCBuildConfiguration;
			buildSettings = {
				ALWAYS_SEARCH_USER_PATHS = NO;
				CLANG_ANALYZER_NONNULL = YES;
				CLANG_CXX_LANGUAGE_STANDARD = "gnu++0x";
				CLANG_CXX_LIBRARY = "libc++";
				CLANG_ENABLE_MODULES = YES;
				CLANG_ENABLE_OBJC_ARC = YES;
				CLANG_WARN_BOOL_CONVERSION = YES;
				CLANG_WARN_CONSTANT_CONVERSION = YES;
				CLANG_WARN_DIRECT_OBJC_ISA_USAGE = YES_ERROR;
				CLANG_WARN_EMPTY_BODY = YES;
				CLANG_WARN_ENUM_CONVERSION = YES;
				CLANG_WARN_INT_CONVERSION = YES;
				CLANG_WARN_OBJC_ROOT_CLASS = YES_ERROR;
				CLANG_WARN_UNREACHABLE_CODE = YES;
				CLANG_WARN__DUPLICATE_METHOD_MATCH = YES;
				"CODE_SIGN_IDENTITY[sdk=iphoneos*]" = "iPhone Developer";
				COPY_PHASE_STRIP = NO;
				DEBUG_INFORMATION_FORMAT = dwarf;
				ENABLE_STRICT_OBJC_MSGSEND = YES;
				ENABLE_TESTABILITY = YES;
				GCC_C_LANGUAGE_STANDARD = gnu99;
				GCC_DYNAMIC_NO_PIC = NO;
				GCC_NO_COMMON_BLOCKS = YES;
				GCC_OPTIMIZATION_LEVEL = 0;
				GCC_PREPROCESSOR_DEFINITIONS = (
					"DEBUG=1",
					"$(inherited)",
				);
				GCC_WARN_64_TO_32_BIT_CONVERSION = YES;
				GCC_WARN_ABOUT_RETURN_TYPE = YES_ERROR;
				GCC_WARN_UNDECLARED_SELECTOR = YES;
				GCC_WARN_UNINITIALIZED_AUTOS = YES_AGGRESSIVE;
				GCC_WARN_UNUSED_FUNCTION = YES;
				GCC_WARN_UNUSED_VARIABLE = YES;
				IPHONEOS_DEPLOYMENT_TARGET = 9.3;
				MTL_ENABLE_DEBUG_INFO = YES;
				ONLY_ACTIVE_ARCH = YES;
				SDKROOT = iphoneos;
				SWIFT_OPTIMIZATION_LEVEL = "-Onone";
				TARGETED_DEVICE_FAMILY = "1,2";
			};
			name = Debug;
		};
		D9C54DDA1E6F2119000F0D36 /* Release */ = {
			isa = XCBuildConfiguration;
			buildSettings = {
				ALWAYS_SEARCH_USER_PATHS = NO;
				CLANG_ANALYZER_NONNULL = YES;
				CLANG_CXX_LANGUAGE_STANDARD = "gnu++0x";
				CLANG_CXX_LIBRARY = "libc++";
				CLANG_ENABLE_MODULES = YES;
				CLANG_ENABLE_OBJC_ARC = YES;
				CLANG_WARN_BOOL_CONVERSION = YES;
				CLANG_WARN_CONSTANT_CONVERSION = YES;
				CLANG_WARN_DIRECT_OBJC_ISA_USAGE = YES_ERROR;
				CLANG_WARN_EMPTY_BODY = YES;
				CLANG_WARN_ENUM_CONVERSION = YES;
				CLANG_WARN_INT_CONVERSION = YES;
				CLANG_WARN_OBJC_ROOT_CLASS = YES_ERROR;
				CLANG_WARN_UNREACHABLE_CODE = YES;
				CLANG_WARN__DUPLICATE_METHOD_MATCH = YES;
				"CODE_SIGN_IDENTITY[sdk=iphoneos*]" = "iPhone Developer";
				COPY_PHASE_STRIP = NO;
				DEBUG_INFORMATION_FORMAT = "dwarf-with-dsym";
				ENABLE_NS_ASSERTIONS = NO;
				ENABLE_STRICT_OBJC_MSGSEND = YES;
				GCC_C_LANGUAGE_STANDARD = gnu99;
				GCC_NO_COMMON_BLOCKS = YES;
				GCC_WARN_64_TO_32_BIT_CONVERSION = YES;
				GCC_WARN_ABOUT_RETURN_TYPE = YES_ERROR;
				GCC_WARN_UNDECLARED_SELECTOR = YES;
				GCC_WARN_UNINITIALIZED_AUTOS = YES_AGGRESSIVE;
				GCC_WARN_UNUSED_FUNCTION = YES;
				GCC_WARN_UNUSED_VARIABLE = YES;
				IPHONEOS_DEPLOYMENT_TARGET = 9.3;
				MTL_ENABLE_DEBUG_INFO = NO;
				SDKROOT = iphoneos;
				TARGETED_DEVICE_FAMILY = "1,2";
				VALIDATE_PRODUCT = YES;
			};
			name = Release;
		};
		D9C54DDC1E6F2119000F0D36 /* Debug */ = {
			isa = XCBuildConfiguration;
			buildSettings = {
				ASSETCATALOG_COMPILER_APPICON_NAME = AppIcon;
				INFOPLIST_FILE = 2DA_EVA_1_CICLO_VIDA/Info.plist;
				LD_RUNPATH_SEARCH_PATHS = "$(inherited) @executable_path/Frameworks";
				PRODUCT_BUNDLE_IDENTIFIER = "com.leonardo.-DA-EVA-1-CICLO-VIDA";
				PRODUCT_NAME = "$(TARGET_NAME)";
			};
			name = Debug;
		};
		D9C54DDD1E6F2119000F0D36 /* Release */ = {
			isa = XCBuildConfiguration;
			buildSettings = {
				ASSETCATALOG_COMPILER_APPICON_NAME = AppIcon;
				INFOPLIST_FILE = 2DA_EVA_1_CICLO_VIDA/Info.plist;
				LD_RUNPATH_SEARCH_PATHS = "$(inherited) @executable_path/Frameworks";
				PRODUCT_BUNDLE_IDENTIFIER = "com.leonardo.-DA-EVA-1-CICLO-VIDA";
				PRODUCT_NAME = "$(TARGET_NAME)";
			};
			name = Release;
		};
		D9C54DDF1E6F2119000F0D36 /* Debug */ = {
			isa = XCBuildConfiguration;
			buildSettings = {
				BUNDLE_LOADER = "$(TEST_HOST)";
				INFOPLIST_FILE = 2DA_EVA_1_CICLO_VIDATests/Info.plist;
				LD_RUNPATH_SEARCH_PATHS = "$(inherited) @executable_path/Frameworks @loader_path/Frameworks";
				PRODUCT_BUNDLE_IDENTIFIER = "com.leonardo.-DA-EVA-1-CICLO-VIDATests";
				PRODUCT_NAME = "$(TARGET_NAME)";
				TEST_HOST = "$(BUILT_PRODUCTS_DIR)/2DA_EVA_1_CICLO_VIDA.app/2DA_EVA_1_CICLO_VIDA";
			};
			name = Debug;
		};
		D9C54DE01E6F2119000F0D36 /* Release */ = {
			isa = XCBuildConfiguration;
			buildSettings = {
				BUNDLE_LOADER = "$(TEST_HOST)";
				INFOPLIST_FILE = 2DA_EVA_1_CICLO_VIDATests/Info.plist;
				LD_RUNPATH_SEARCH_PATHS = "$(inherited) @executable_path/Frameworks @loader_path/Frameworks";
				PRODUCT_BUNDLE_IDENTIFIER = "com.leonardo.-DA-EVA-1-CICLO-VIDATests";
				PRODUCT_NAME = "$(TARGET_NAME)";
				TEST_HOST = "$(BUILT_PRODUCTS_DIR)/2DA_EVA_1_CICLO_VIDA.app/2DA_EVA_1_CICLO_VIDA";
			};
			name = Release;
		};
		D9C54DE21E6F2119000F0D36 /* Debug */ = {
			isa = XCBuildConfiguration;
			buildSettings = {
				INFOPLIST_FILE = 2DA_EVA_1_CICLO_VIDAUITests/Info.plist;
				LD_RUNPATH_SEARCH_PATHS = "$(inherited) @executable_path/Frameworks @loader_path/Frameworks";
				PRODUCT_BUNDLE_IDENTIFIER = "com.leonardo.-DA-EVA-1-CICLO-VIDAUITests";
				PRODUCT_NAME = "$(TARGET_NAME)";
				TEST_TARGET_NAME = 2DA_EVA_1_CICLO_VIDA;
			};
			name = Debug;
		};
		D9C54DE31E6F2119000F0D36 /* Release */ = {
			isa = XCBuildConfiguration;
			buildSettings = {
				INFOPLIST_FILE = 2DA_EVA_1_CICLO_VIDAUITests/Info.plist;
				LD_RUNPATH_SEARCH_PATHS = "$(inherited) @executable_path/Frameworks @loader_path/Frameworks";
				PRODUCT_BUNDLE_IDENTIFIER = "com.leonardo.-DA-EVA-1-CICLO-VIDAUITests";
				PRODUCT_NAME = "$(TARGET_NAME)";
				TEST_TARGET_NAME = 2DA_EVA_1_CICLO_VIDA;
			};
			name = Release;
		};
/* End XCBuildConfiguration section */

/* Begin XCConfigurationList section */
		D9C54DAE1E6F2119000F0D36 /* Build configuration list for PBXProject "2DA_EVA_1_CICLO_VIDA" */ = {
			isa = XCConfigurationList;
			buildConfigurations = (
				D9C54DD91E6F2119000F0D36 /* Debug */,
				D9C54DDA1E6F2119000F0D36 /* Release */,
			);
			defaultConfigurationIsVisible = 0;
			defaultConfigurationName = Release;
		};
		D9C54DDB1E6F2119000F0D36 /* Build configuration list for PBXNativeTarget "2DA_EVA_1_CICLO_VIDA" */ = {
			isa = XCConfigurationList;
			buildConfigurations = (
				D9C54DDC1E6F2119000F0D36 /* Debug */,
				D9C54DDD1E6F2119000F0D36 /* Release */,
			);
			defaultConfigurationIsVisible = 0;
		};
		D9C54DDE1E6F2119000F0D36 /* Build configuration list for PBXNativeTarget "2DA_EVA_1_CICLO_VIDATests" */ = {
			isa = XCConfigurationList;
			buildConfigurations = (
				D9C54DDF1E6F2119000F0D36 /* Debug */,
				D9C54DE01E6F2119000F0D36 /* Release */,
			);
			defaultConfigurationIsVisible = 0;
		};
		D9C54DE11E6F2119000F0D36 /* Build configuration list for PBXNativeTarget "2DA_EVA_1_CICLO_VIDAUITests" */ = {
			isa = XCConfigurationList;
			buildConfigurations = (
				D9C54DE21E6F2119000F0D36 /* Debug */,
				D9C54DE31E6F2119000F0D36 /* Release */,
			);
			defaultConfigurationIsVisible = 0;
		};
/* End XCConfigurationList section */
	};
	rootObject = D9C54DAB1E6F2119000F0D36 /* Project object */;
}
